// !$*UTF8*$!
{
	archiveVersion = 1;
	classes = {
	};
	objectVersion = 48;
	objects = {

/* Begin PBXBuildFile section */
		E25610484CF4F2C3DFD6B383 /* Pods_01_Change_Font.framework in Frameworks */ = {isa = PBXBuildFile; fileRef = 64DD006594637708085BB97C /* Pods_01_Change_Font.framework */; };
		E509C9E9201F01C8009C4195 /* AppDelegate.swift in Sources */ = {isa = PBXBuildFile; fileRef = E509C9E8201F01C8009C4195 /* AppDelegate.swift */; };
		E509C9EB201F01C8009C4195 /* ViewController.swift in Sources */ = {isa = PBXBuildFile; fileRef = E509C9EA201F01C8009C4195 /* ViewController.swift */; };
		E509C9EE201F01C8009C4195 /* Main.storyboard in Resources */ = {isa = PBXBuildFile; fileRef = E509C9EC201F01C8009C4195 /* Main.storyboard */; };
		E509C9F0201F01C8009C4195 /* Assets.xcassets in Resources */ = {isa = PBXBuildFile; fileRef = E509C9EF201F01C8009C4195 /* Assets.xcassets */; };
		E509C9F3201F01C8009C4195 /* LaunchScreen.storyboard in Resources */ = {isa = PBXBuildFile; fileRef = E509C9F1201F01C8009C4195 /* LaunchScreen.storyboard */; };
/* End PBXBuildFile section */

/* Begin PBXFileReference section */
		141F19132F1A02EE0CA33B49 /* Pods-01_Change_Font.release.xcconfig */ = {isa = PBXFileReference; includeInIndex = 1; lastKnownFileType = text.xcconfig; name = "Pods-01_Change_Font.release.xcconfig"; path = "Pods/Target Support Files/Pods-01_Change_Font/Pods-01_Change_Font.release.xcconfig"; sourceTree = "<group>"; };
		64DD006594637708085BB97C /* Pods_01_Change_Font.framework */ = {isa = PBXFileReference; explicitFileType = wrapper.framework; includeInIndex = 0; path = Pods_01_Change_Font.framework; sourceTree = BUILT_PRODUCTS_DIR; };
		999911CCF8E77D3738B1F7DD /* Pods-01_Change_Font.debug.xcconfig */ = {isa = PBXFileReference; includeInIndex = 1; lastKnownFileType = text.xcconfig; name = "Pods-01_Change_Font.debug.xcconfig"; path = "Pods/Target Support Files/Pods-01_Change_Font/Pods-01_Change_Font.debug.xcconfig"; sourceTree = "<group>"; };
		E509C9E5201F01C8009C4195 /* 01_Change_Font.app */ = {isa = PBXFileReference; explicitFileType = wrapper.application; includeInIndex = 0; path = 01_Change_Font.app; sourceTree = BUILT_PRODUCTS_DIR; };
		E509C9E8201F01C8009C4195 /* AppDelegate.swift */ = {isa = PBXFileReference; lastKnownFileType = sourcecode.swift; path = AppDelegate.swift; sourceTree = "<group>"; };
		E509C9EA201F01C8009C4195 /* ViewController.swift */ = {isa = PBXFileReference; lastKnownFileType = sourcecode.swift; path = ViewController.swift; sourceTree = "<group>"; };
		E509C9ED201F01C8009C4195 /* Base */ = {isa = PBXFileReference; lastKnownFileType = file.storyboard; name = Base; path = Base.lproj/Main.storyboard; sourceTree = "<group>"; };
		E509C9EF201F01C8009C4195 /* Assets.xcassets */ = {isa = PBXFileReference; lastKnownFileType = folder.assetcatalog; path = Assets.xcassets; sourceTree = "<group>"; };
		E509C9F2201F01C8009C4195 /* Base */ = {isa = PBXFileReference; lastKnownFileType = file.storyboard; name = Base; path = Base.lproj/LaunchScreen.storyboard; sourceTree = "<group>"; };
		E509C9F4201F01C8009C4195 /* Info.plist */ = {isa = PBXFileReference; lastKnownFileType = text.plist.xml; path = Info.plist; sourceTree = "<group>"; };
/* End PBXFileReference section */

/* Begin PBXFrameworksBuildPhase section */
		E509C9E2201F01C8009C4195 /* Frameworks */ = {
			isa = PBXFrameworksBuildPhase;
			buildActionMask = 2147483647;
			files = (
				E25610484CF4F2C3DFD6B383 /* Pods_01_Change_Font.framework in Frameworks */,
			);
			runOnlyForDeploymentPostprocessing = 0;
		};
/* End PBXFrameworksBuildPhase section */

/* Begin PBXGroup section */
		9D8EAD3E1E8DF12355CB442C /* Frameworks */ = {
			isa = PBXGroup;
			children = (
				64DD006594637708085BB97C /* Pods_01_Change_Font.framework */,
			);
			name = Frameworks;
			sourceTree = "<group>";
		};
		E509C9DC201F01C8009C4195 = {
			isa = PBXGroup;
			children = (
				E509C9E7201F01C8009C4195 /* 01_Change_Font */,
				E509C9E6201F01C8009C4195 /* Products */,
				E8B29F591177BE180388E85D /* Pods */,
				9D8EAD3E1E8DF12355CB442C /* Frameworks */,
			);
			sourceTree = "<group>";
		};
		E509C9E6201F01C8009C4195 /* Products */ = {
			isa = PBXGroup;
			children = (
				E509C9E5201F01C8009C4195 /* 01_Change_Font.app */,
			);
			name = Products;
			sourceTree = "<group>";
		};
		E509C9E7201F01C8009C4195 /* 01_Change_Font */ = {
			isa = PBXGroup;
			children = (
				E509C9E8201F01C8009C4195 /* AppDelegate.swift */,
				E509C9EA201F01C8009C4195 /* ViewController.swift */,
				E509C9EC201F01C8009C4195 /* Main.storyboard */,
				E509C9EF201F01C8009C4195 /* Assets.xcassets */,
				E509C9F1201F01C8009C4195 /* LaunchScreen.storyboard */,
				E509C9F4201F01C8009C4195 /* Info.plist */,
			);
			path = 01_Change_Font;
			sourceTree = "<group>";
		};
		E8B29F591177BE180388E85D /* Pods */ = {
			isa = PBXGroup;
			children = (
				999911CCF8E77D3738B1F7DD /* Pods-01_Change_Font.debug.xcconfig */,
				141F19132F1A02EE0CA33B49 /* Pods-01_Change_Font.release.xcconfig */,
			);
			name = Pods;
			sourceTree = "<group>";
		};
/* End PBXGroup section */

/* Begin PBXNativeTarget section */
		E509C9E4201F01C8009C4195 /* 01_Change_Font */ = {
			isa = PBXNativeTarget;
			buildConfigurationList = E509C9F7201F01C8009C4195 /* Build configuration list for PBXNativeTarget "01_Change_Font" */;
			buildPhases = (
				D90BE86062935043A0E3156B /* [CP] Check Pods Manifest.lock */,
				E509C9E1201F01C8009C4195 /* Sources */,
				E509C9E2201F01C8009C4195 /* Frameworks */,
				E509C9E3201F01C8009C4195 /* Resources */,
				B076060A90431E23CBC584E5 /* [CP] Embed Pods Frameworks */,
				F6F120308CCA0D0C0E9DAC5B /* [CP] Copy Pods Resources */,
			);
			buildRules = (
			);
			dependencies = (
			);
			name = 01_Change_Font;
			productName = 01_Change_Font;
			productReference = E509C9E5201F01C8009C4195 /* 01_Change_Font.app */;
			productType = "com.apple.product-type.application";
		};
/* End PBXNativeTarget section */

/* Begin PBXProject section */
		E509C9DD201F01C8009C4195 /* Project object */ = {
			isa = PBXProject;
			attributes = {
				LastSwiftUpdateCheck = 0920;
				LastUpgradeCheck = 0920;
				ORGANIZATIONNAME = JuneDesign;
				TargetAttributes = {
					E509C9E4201F01C8009C4195 = {
						CreatedOnToolsVersion = 9.2;
						ProvisioningStyle = Automatic;
					};
				};
			};
			buildConfigurationList = E509C9E0201F01C8009C4195 /* Build configuration list for PBXProject "01_Change_Font" */;
			compatibilityVersion = "Xcode 8.0";
			developmentRegion = en;
			hasScannedForEncodings = 0;
			knownRegions = (
				en,
				Base,
			);
			mainGroup = E509C9DC201F01C8009C4195;
			productRefGroup = E509C9E6201F01C8009C4195 /* Products */;
			projectDirPath = "";
			projectRoot = "";
			targets = (
				E509C9E4201F01C8009C4195 /* 01_Change_Font */,
			);
		};
/* End PBXProject section */

/* Begin PBXResourcesBuildPhase section */
		E509C9E3201F01C8009C4195 /* Resources */ = {
			isa = PBXResourcesBuildPhase;
			buildActionMask = 2147483647;
			files = (
				E509C9F3201F01C8009C4195 /* LaunchScreen.storyboard in Resources */,
				E509C9F0201F01C8009C4195 /* Assets.xcassets in Resources */,
				E509C9EE201F01C8009C4195 /* Main.storyboard in Resources */,
			);
			runOnlyForDeploymentPostprocessing = 0;
		};
/* End PBXResourcesBuildPhase section */

/* Begin PBXShellScriptBuildPhase section */
		B076060A90431E23CBC584E5 /* [CP] Embed Pods Frameworks */ = {
			isa = PBXShellScriptBuildPhase;
			buildActionMask = 2147483647;
			files = (
			);
			inputPaths = (
				"${SRCROOT}/Pods/Target Support Files/Pods-01_Change_Font/Pods-01_Change_Font-frameworks.sh",
				"${BUILT_PRODUCTS_DIR}/SnapKit/SnapKit.framework",
			);
			name = "[CP] Embed Pods Frameworks";
			outputPaths = (
				"${TARGET_BUILD_DIR}/${FRAMEWORKS_FOLDER_PATH}/SnapKit.framework",
			);
			runOnlyForDeploymentPostprocessing = 0;
			shellPath = /bin/sh;
			shellScript = "\"${SRCROOT}/Pods/Target Support Files/Pods-01_Change_Font/Pods-01_Change_Font-frameworks.sh\"\n";
			showEnvVarsInLog = 0;
		};
		D90BE86062935043A0E3156B /* [CP] Check Pods Manifest.lock */ = {
			isa = PBXShellScriptBuildPhase;
			buildActionMask = 2147483647;
			files = (
			);
			inputPaths = (
				"${PODS_PODFILE_DIR_PATH}/Podfile.lock",
				"${PODS_ROOT}/Manifest.lock",
			);
			name = "[CP] Check Pods Manifest.lock";
			outputPaths = (
				"$(DERIVED_FILE_DIR)/Pods-01_Change_Font-checkManifestLockResult.txt",
			);
			runOnlyForDeploymentPostprocessing = 0;
			shellPath = /bin/sh;
			shellScript = "diff \"${PODS_PODFILE_DIR_PATH}/Podfile.lock\" \"${PODS_ROOT}/Manifest.lock\" > /dev/null\nif [ $? != 0 ] ; then\n    # print error to STDERR\n    echo \"error: The sandbox is not in sync with the Podfile.lock. Run 'pod install' or update your CocoaPods installation.\" >&2\n    exit 1\nfi\n# This output is used by Xcode 'outputs' to avoid re-running this script phase.\necho \"SUCCESS\" > \"${SCRIPT_OUTPUT_FILE_0}\"\n";
			showEnvVarsInLog = 0;
		};
		F6F120308CCA0D0C0E9DAC5B /* [CP] Copy Pods Resources */ = {
			isa = PBXShellScriptBuildPhase;
			buildActionMask = 2147483647;
			files = (
			);
			inputPaths = (
			);
			name = "[CP] Copy Pods Resources";
			outputPaths = (
			);
			runOnlyForDeploymentPostprocessing = 0;
			shellPath = /bin/sh;
			shellScript = "\"${SRCROOT}/Pods/Target Support Files/Pods-01_Change_Font/Pods-01_Change_Font-resources.sh\"\n";
			showEnvVarsInLog = 0;
		};
/* End PBXShellScriptBuildPhase section */

/* Begin PBXSourcesBuildPhase section */
		E509C9E1201F01C8009C4195 /* Sources */ = {
			isa = PBXSourcesBuildPhase;
			buildActionMask = 2147483647;
			files = (
				E509C9EB201F01C8009C4195 /* ViewController.swift in Sources */,
				E509C9E9201F01C8009C4195 /* AppDelegate.swift in Sources */,
			);
			runOnlyForDeploymentPostprocessing = 0;
		};
/* End PBXSourcesBuildPhase section */

/* Begin PBXVariantGroup section */
		E509C9EC201F01C8009C4195 /* Main.storyboard */ = {
			isa = PBXVariantGroup;
			children = (
				E509C9ED201F01C8009C4195 /* Base */,
			);
			name = Main.storyboard;
			sourceTree = "<group>";
		};
		E509C9F1201F01C8009C4195 /* LaunchScreen.storyboard */ = {
			isa = PBXVariantGroup;
			children = (
				E509C9F2201F01C8009C4195 /* Base */,
			);
			name = LaunchScreen.storyboard;
			sourceTree = "<group>";
		};
/* End PBXVariantGroup section */

/* Begin XCBuildConfiguration section */
		E509C9F5201F01C8009C4195 /* Debug */ = {
			isa = XCBuildConfiguration;
			buildSettings = {
				ALWAYS_SEARCH_USER_PATHS = NO;
				CLANG_ANALYZER_NONNULL = YES;
				CLANG_ANALYZER_NUMBER_OBJECT_CONVERSION = YES_AGGRESSIVE;
				CLANG_CXX_LANGUAGE_STANDARD = "gnu++14";
				CLANG_CXX_LIBRARY = "libc++";
				CLANG_ENABLE_MODULES = YES;
				CLANG_ENABLE_OBJC_ARC = YES;
				CLANG_WARN_BLOCK_CAPTURE_AUTORELEASING = YES;
				CLANG_WARN_BOOL_CONVERSION = YES;
				CLANG_WARN_COMMA = YES;
				CLANG_WARN_CONSTANT_CONVERSION = YES;
				CLANG_WARN_DIRECT_OBJC_ISA_USAGE = YES_ERROR;
				CLANG_WARN_DOCUMENTATION_COMMENTS = YES;
				CLANG_WARN_EMPTY_BODY = YES;
				CLANG_WARN_ENUM_CONVERSION = YES;
				CLANG_WARN_INFINITE_RECURSION = YES;
				CLANG_WARN_INT_CONVERSION = YES;
				CLANG_WARN_NON_LITERAL_NULL_CONVERSION = YES;
				CLANG_WARN_OBJC_LITERAL_CONVERSION = YES;
				CLANG_WARN_OBJC_ROOT_CLASS = YES_ERROR;
				CLANG_WARN_RANGE_LOOP_ANALYSIS = YES;
				CLANG_WARN_STRICT_PROTOTYPES = YES;
				CLANG_WARN_SUSPICIOUS_MOVE = YES;
				CLANG_WARN_UNGUARDED_AVAILABILITY = YES_AGGRESSIVE;
				CLANG_WARN_UNREACHABLE_CODE = YES;
				CLANG_WARN__DUPLICATE_METHOD_MATCH = YES;
				CODE_SIGN_IDENTITY = "iPhone Developer";
				COPY_PHASE_STRIP = NO;
				DEBUG_INFORMATION_FORMAT = dwarf;
				ENABLE_STRICT_OBJC_MSGSEND = YES;
				ENABLE_TESTABILITY = YES;
				GCC_C_LANGUAGE_STANDARD = gnu11;
				GCC_DYNAMIC_NO_PIC = NO;
				GCC_NO_COMMON_BLOCKS = YES;
				GCC_OPTIMIZATION_LEVEL = 0;
				GCC_PREPROCESSOR_DEFINITIONS = (
					"DEBUG=1",
					"$(inherited)",
				);
				GCC_WARN_64_TO_32_BIT_CONVERSION = YES;
				GCC_WARN_ABOUT_RETURN_TYPE = YES_ERROR;
				GCC_WARN_UNDECLARED_SELECTOR = YES;
				GCC_WARN_UNINITIALIZED_AUTOS = YES_AGGRESSIVE;
				GCC_WARN_UNUSED_FUNCTION = YES;
				GCC_WARN_UNUSED_VARIABLE = YES;
				IPHONEOS_DEPLOYMENT_TARGET = 11.2;
				MTL_ENABLE_DEBUG_INFO = YES;
				ONLY_ACTIVE_ARCH = YES;
				SDKROOT = iphoneos;
				SWIFT_ACTIVE_COMPILATION_CONDITIONS = DEBUG;
				SWIFT_OPTIMIZATION_LEVEL = "-Onone";
			};
			name = Debug;
		};
		E509C9F6201F01C8009C4195 /* Release */ = {
			isa = XCBuildConfiguration;
			buildSettings = {
				ALWAYS_SEARCH_USER_PATHS = NO;
				CLANG_ANALYZER_NONNULL = YES;
				CLANG_ANALYZER_NUMBER_OBJECT_CONVERSION = YES_AGGRESSIVE;
				CLANG_CXX_LANGUAGE_STANDARD = "gnu++14";
				CLANG_CXX_LIBRARY = "libc++";
				CLANG_ENABLE_MODULES = YES;
				CLANG_ENABLE_OBJC_ARC = YES;
				CLANG_WARN_BLOCK_CAPTURE_AUTORELEASING = YES;
				CLANG_WARN_BOOL_CONVERSION = YES;
				CLANG_WARN_COMMA = YES;
				CLANG_WARN_CONSTANT_CONVERSION = YES;
				CLANG_WARN_DIRECT_OBJC_ISA_USAGE = YES_ERROR;
				CLANG_WARN_DOCUMENTATION_COMMENTS = YES;
				CLANG_WARN_EMPTY_BODY = YES;
				CLANG_WARN_ENUM_CONVERSION = YES;
				CLANG_WARN_INFINITE_RECURSION = YES;
				CLANG_WARN_INT_CONVERSION = YES;
				CLANG_WARN_NON_LITERAL_NULL_CONVERSION = YES;
				CLANG_WARN_OBJC_LITERAL_CONVERSION = YES;
				CLANG_WARN_OBJC_ROOT_CLASS = YES_ERROR;
				CLANG_WARN_RANGE_LOOP_ANALYSIS = YES;
				CLANG_WARN_STRICT_PROTOTYPES = YES;
				CLANG_WARN_SUSPICIOUS_MOVE = YES;
				CLANG_WARN_UNGUARDED_AVAILABILITY = YES_AGGRESSIVE;
				CLANG_WARN_UNREACHABLE_CODE = YES;
				CLANG_WARN__DUPLICATE_METHOD_MATCH = YES;
				CODE_SIGN_IDENTITY = "iPhone Developer";
				COPY_PHASE_STRIP = NO;
				DEBUG_INFORMATION_FORMAT = "dwarf-with-dsym";
				ENABLE_NS_ASSERTIONS = NO;
				ENABLE_STRICT_OBJC_MSGSEND = YES;
				GCC_C_LANGUAGE_STANDARD = gnu11;
				GCC_NO_COMMON_BLOCKS = YES;
				GCC_WARN_64_TO_32_BIT_CONVERSION = YES;
				GCC_WARN_ABOUT_RETURN_TYPE = YES_ERROR;
				GCC_WARN_UNDECLARED_SELECTOR = YES;
				GCC_WARN_UNINITIALIZED_AUTOS = YES_AGGRESSIVE;
				GCC_WARN_UNUSED_FUNCTION = YES;
				GCC_WARN_UNUSED_VARIABLE = YES;
				IPHONEOS_DEPLOYMENT_TARGET = 11.2;
				MTL_ENABLE_DEBUG_INFO = NO;
				SDKROOT = iphoneos;
				SWIFT_OPTIMIZATION_LEVEL = "-Owholemodule";
				VALIDATE_PRODUCT = YES;
			};
			name = Release;
		};
		E509C9F8201F01C8009C4195 /* Debug */ = {
			isa = XCBuildConfiguration;
			baseConfigurationReference = 999911CCF8E77D3738B1F7DD /* Pods-01_Change_Font.debug.xcconfig */;
			buildSettings = {
				ASSETCATALOG_COMPILER_APPICON_NAME = AppIcon;
				CODE_SIGN_STYLE = Automatic;
				DEVELOPMENT_TEAM = 2YBFQ59LED;
				INFOPLIST_FILE = 01_Change_Font/Info.plist;
				LD_RUNPATH_SEARCH_PATHS = "$(inherited) @executable_path/Frameworks";
				PRODUCT_BUNDLE_IDENTIFIER = "com.duliuqing.-1-Change-Font";
				PRODUCT_NAME = "$(TARGET_NAME)";
				SWIFT_VERSION = 4.0;
				TARGETED_DEVICE_FAMILY = "1,2";
			};
			name = Debug;
		};
		E509C9F9201F01C8009C4195 /* Release */ = {
			isa = XCBuildConfiguration;
			baseConfigurationReference = 141F19132F1A02EE0CA33B49 /* Pods-01_Change_Font.release.xcconfig */;
			buildSettings = {
				ASSETCATALOG_COMPILER_APPICON_NAME = AppIcon;
				CODE_SIGN_STYLE = Automatic;
				DEVELOPMENT_TEAM = 2YBFQ59LED;
				INFOPLIST_FILE = 01_Change_Font/Info.plist;
				LD_RUNPATH_SEARCH_PATHS = "$(inherited) @executable_path/Frameworks";
				PRODUCT_BUNDLE_IDENTIFIER = "com.duliuqing.-1-Change-Font";
				PRODUCT_NAME = "$(TARGET_NAME)";
				SWIFT_VERSION = 4.0;
				TARGETED_DEVICE_FAMILY = "1,2";
			};
			name = Release;
		};
/* End XCBuildConfiguration section */

/* Begin XCConfigurationList section */
		E509C9E0201F01C8009C4195 /* Build configuration list for PBXProject "01_Change_Font" */ = {
			isa = XCConfigurationList;
			buildConfigurations = (
				E509C9F5201F01C8009C4195 /* Debug */,
				E509C9F6201F01C8009C4195 /* Release */,
			);
			defaultConfigurationIsVisible = 0;
			defaultConfigurationName = Release;
		};
		E509C9F7201F01C8009C4195 /* Build configuration list for PBXNativeTarget "01_Change_Font" */ = {
			isa = XCConfigurationList;
			buildConfigurations = (
				E509C9F8201F01C8009C4195 /* Debug */,
				E509C9F9201F01C8009C4195 /* Release */,
			);
			defaultConfigurationIsVisible = 0;
			defaultConfigurationName = Release;
		};
/* End XCConfigurationList section */
	};
	rootObject = E509C9DD201F01C8009C4195 /* Project object */;
}
