// !$*UTF8*$!
{
	archiveVersion = 1;
	classes = {
	};
	objectVersion = 48;
	objects = {

/* Begin PBXBuildFile section */
		E550D4EC2032D09900453B82 /* AppDelegate.swift in Sources */ = {isa = PBXBuildFile; fileRef = E550D4EB2032D09900453B82 /* AppDelegate.swift */; };
		E550D4EE2032D09900453B82 /* ViewController.swift in Sources */ = {isa = PBXBuildFile; fileRef = E550D4ED2032D09900453B82 /* ViewController.swift */; };
		E550D4F12032D09A00453B82 /* Main.storyboard in Resources */ = {isa = PBXBuildFile; fileRef = E550D4EF2032D09A00453B82 /* Main.storyboard */; };
		E550D4F32032D09A00453B82 /* Assets.xcassets in Resources */ = {isa = PBXBuildFile; fileRef = E550D4F22032D09A00453B82 /* Assets.xcassets */; };
		E550D4F62032D09A00453B82 /* LaunchScreen.storyboard in Resources */ = {isa = PBXBuildFile; fileRef = E550D4F42032D09A00453B82 /* LaunchScreen.storyboard */; };
		E550D5042032D2A400453B82 /* NotificationCenter.framework in Frameworks */ = {isa = PBXBuildFile; fileRef = E550D5032032D2A400453B82 /* NotificationCenter.framework */; };
		E550D5072032D2A400453B82 /* TodayViewController.swift in Sources */ = {isa = PBXBuildFile; fileRef = E550D5062032D2A400453B82 /* TodayViewController.swift */; };
		E550D50A2032D2A400453B82 /* MainInterface.storyboard in Resources */ = {isa = PBXBuildFile; fileRef = E550D5082032D2A400453B82 /* MainInterface.storyboard */; };
		E550D50E2032D2A400453B82 /* Today_Extension.appex in Embed App Extensions */ = {isa = PBXBuildFile; fileRef = E550D5012032D2A400453B82 /* Today_Extension.appex */; settings = {ATTRIBUTES = (RemoveHeadersOnCopy, ); }; };
/* End PBXBuildFile section */

/* Begin PBXContainerItemProxy section */
		E550D50C2032D2A400453B82 /* PBXContainerItemProxy */ = {
			isa = PBXContainerItemProxy;
			containerPortal = E550D4E02032D09900453B82 /* Project object */;
			proxyType = 1;
			remoteGlobalIDString = E550D5002032D2A400453B82;
			remoteInfo = Today_Extension;
		};
/* End PBXContainerItemProxy section */

/* Begin PBXCopyFilesBuildPhase section */
		E550D5122032D2A400453B82 /* Embed App Extensions */ = {
			isa = PBXCopyFilesBuildPhase;
			buildActionMask = 2147483647;
			dstPath = "";
			dstSubfolderSpec = 13;
			files = (
				E550D50E2032D2A400453B82 /* Today_Extension.appex in Embed App Extensions */,
			);
			name = "Embed App Extensions";
			runOnlyForDeploymentPostprocessing = 0;
		};
/* End PBXCopyFilesBuildPhase section */

/* Begin PBXFileReference section */
		E550D4E82032D09900453B82 /* 13_Today_Extension.app */ = {isa = PBXFileReference; explicitFileType = wrapper.application; includeInIndex = 0; path = 13_Today_Extension.app; sourceTree = BUILT_PRODUCTS_DIR; };
		E550D4EB2032D09900453B82 /* AppDelegate.swift */ = {isa = PBXFileReference; lastKnownFileType = sourcecode.swift; path = AppDelegate.swift; sourceTree = "<group>"; };
		E550D4ED2032D09900453B82 /* ViewController.swift */ = {isa = PBXFileReference; lastKnownFileType = sourcecode.swift; path = ViewController.swift; sourceTree = "<group>"; };
		E550D4F02032D09A00453B82 /* Base */ = {isa = PBXFileReference; lastKnownFileType = file.storyboard; name = Base; path = Base.lproj/Main.storyboard; sourceTree = "<group>"; };
		E550D4F22032D09A00453B82 /* Assets.xcassets */ = {isa = PBXFileReference; lastKnownFileType = folder.assetcatalog; path = Assets.xcassets; sourceTree = "<group>"; };
		E550D4F52032D09A00453B82 /* Base */ = {isa = PBXFileReference; lastKnownFileType = file.storyboard; name = Base; path = Base.lproj/LaunchScreen.storyboard; sourceTree = "<group>"; };
		E550D4F72032D09A00453B82 /* Info.plist */ = {isa = PBXFileReference; lastKnownFileType = text.plist.xml; path = Info.plist; sourceTree = "<group>"; };
		E550D5012032D2A400453B82 /* Today_Extension.appex */ = {isa = PBXFileReference; explicitFileType = "wrapper.app-extension"; includeInIndex = 0; path = Today_Extension.appex; sourceTree = BUILT_PRODUCTS_DIR; };
		E550D5032032D2A400453B82 /* NotificationCenter.framework */ = {isa = PBXFileReference; lastKnownFileType = wrapper.framework; name = NotificationCenter.framework; path = System/Library/Frameworks/NotificationCenter.framework; sourceTree = SDKROOT; };
		E550D5062032D2A400453B82 /* TodayViewController.swift */ = {isa = PBXFileReference; lastKnownFileType = sourcecode.swift; path = TodayViewController.swift; sourceTree = "<group>"; };
		E550D5092032D2A400453B82 /* Base */ = {isa = PBXFileReference; lastKnownFileType = file.storyboard; name = Base; path = Base.lproj/MainInterface.storyboard; sourceTree = "<group>"; };
		E550D50B2032D2A400453B82 /* Info.plist */ = {isa = PBXFileReference; lastKnownFileType = text.plist.xml; path = Info.plist; sourceTree = "<group>"; };
		E550D5132032D35300453B82 /* 13_Today_Extension.entitlements */ = {isa = PBXFileReference; lastKnownFileType = text.plist.entitlements; path = 13_Today_Extension.entitlements; sourceTree = "<group>"; };
		E550D5142032D39600453B82 /* Today_Extension.entitlements */ = {isa = PBXFileReference; lastKnownFileType = text.plist.entitlements; path = Today_Extension.entitlements; sourceTree = "<group>"; };
/* End PBXFileReference section */

/* Begin PBXFrameworksBuildPhase section */
		E550D4E52032D09900453B82 /* Frameworks */ = {
			isa = PBXFrameworksBuildPhase;
			buildActionMask = 2147483647;
			files = (
			);
			runOnlyForDeploymentPostprocessing = 0;
		};
		E550D4FE2032D2A400453B82 /* Frameworks */ = {
			isa = PBXFrameworksBuildPhase;
			buildActionMask = 2147483647;
			files = (
				E550D5042032D2A400453B82 /* NotificationCenter.framework in Frameworks */,
			);
			runOnlyForDeploymentPostprocessing = 0;
		};
/* End PBXFrameworksBuildPhase section */

/* Begin PBXGroup section */
		E550D4DF2032D09900453B82 = {
			isa = PBXGroup;
			children = (
				E550D4EA2032D09900453B82 /* 13_Today_Extension */,
				E550D5052032D2A400453B82 /* Today_Extension */,
				E550D5022032D2A400453B82 /* Frameworks */,
				E550D4E92032D09900453B82 /* Products */,
			);
			sourceTree = "<group>";
		};
		E550D4E92032D09900453B82 /* Products */ = {
			isa = PBXGroup;
			children = (
				E550D4E82032D09900453B82 /* 13_Today_Extension.app */,
				E550D5012032D2A400453B82 /* Today_Extension.appex */,
			);
			name = Products;
			sourceTree = "<group>";
		};
		E550D4EA2032D09900453B82 /* 13_Today_Extension */ = {
			isa = PBXGroup;
			children = (
				E550D5132032D35300453B82 /* 13_Today_Extension.entitlements */,
				E550D4EB2032D09900453B82 /* AppDelegate.swift */,
				E550D4ED2032D09900453B82 /* ViewController.swift */,
				E550D4EF2032D09A00453B82 /* Main.storyboard */,
				E550D4F22032D09A00453B82 /* Assets.xcassets */,
				E550D4F42032D09A00453B82 /* LaunchScreen.storyboard */,
				E550D4F72032D09A00453B82 /* Info.plist */,
			);
			path = 13_Today_Extension;
			sourceTree = "<group>";
		};
		E550D5022032D2A400453B82 /* Frameworks */ = {
			isa = PBXGroup;
			children = (
				E550D5032032D2A400453B82 /* NotificationCenter.framework */,
			);
			name = Frameworks;
			sourceTree = "<group>";
		};
		E550D5052032D2A400453B82 /* Today_Extension */ = {
			isa = PBXGroup;
			children = (
				E550D5142032D39600453B82 /* Today_Extension.entitlements */,
				E550D5062032D2A400453B82 /* TodayViewController.swift */,
				E550D5082032D2A400453B82 /* MainInterface.storyboard */,
				E550D50B2032D2A400453B82 /* Info.plist */,
			);
			path = Today_Extension;
			sourceTree = "<group>";
		};
/* End PBXGroup section */

/* Begin PBXNativeTarget section */
		E550D4E72032D09900453B82 /* 13_Today_Extension */ = {
			isa = PBXNativeTarget;
			buildConfigurationList = E550D4FA2032D09A00453B82 /* Build configuration list for PBXNativeTarget "13_Today_Extension" */;
			buildPhases = (
				E550D4E42032D09900453B82 /* Sources */,
				E550D4E52032D09900453B82 /* Frameworks */,
				E550D4E62032D09900453B82 /* Resources */,
				E550D5122032D2A400453B82 /* Embed App Extensions */,
			);
			buildRules = (
			);
			dependencies = (
				E550D50D2032D2A400453B82 /* PBXTargetDependency */,
			);
			name = 13_Today_Extension;
			productName = 13_Today_Extension;
			productReference = E550D4E82032D09900453B82 /* 13_Today_Extension.app */;
			productType = "com.apple.product-type.application";
		};
		E550D5002032D2A400453B82 /* Today_Extension */ = {
			isa = PBXNativeTarget;
			buildConfigurationList = E550D50F2032D2A400453B82 /* Build configuration list for PBXNativeTarget "Today_Extension" */;
			buildPhases = (
				E550D4FD2032D2A400453B82 /* Sources */,
				E550D4FE2032D2A400453B82 /* Frameworks */,
				E550D4FF2032D2A400453B82 /* Resources */,
			);
			buildRules = (
			);
			dependencies = (
			);
			name = Today_Extension;
			productName = Today_Extension;
			productReference = E550D5012032D2A400453B82 /* Today_Extension.appex */;
			productType = "com.apple.product-type.app-extension";
		};
/* End PBXNativeTarget section */

/* Begin PBXProject section */
		E550D4E02032D09900453B82 /* Project object */ = {
			isa = PBXProject;
			attributes = {
				LastSwiftUpdateCheck = 0920;
				LastUpgradeCheck = 0920;
				ORGANIZATIONNAME = JuneDesign;
				TargetAttributes = {
					E550D4E72032D09900453B82 = {
						CreatedOnToolsVersion = 9.2;
						ProvisioningStyle = Automatic;
						SystemCapabilities = {
							com.apple.ApplicationGroups.iOS = {
								enabled = 1;
							};
						};
					};
					E550D5002032D2A400453B82 = {
						CreatedOnToolsVersion = 9.2;
						ProvisioningStyle = Automatic;
						SystemCapabilities = {
							com.apple.ApplicationGroups.iOS = {
								enabled = 1;
							};
						};
					};
				};
			};
			buildConfigurationList = E550D4E32032D09900453B82 /* Build configuration list for PBXProject "13_Today_Extension" */;
			compatibilityVersion = "Xcode 8.0";
			developmentRegion = en;
			hasScannedForEncodings = 0;
			knownRegions = (
				en,
				Base,
			);
			mainGroup = E550D4DF2032D09900453B82;
			productRefGroup = E550D4E92032D09900453B82 /* Products */;
			projectDirPath = "";
			projectRoot = "";
			targets = (
				E550D4E72032D09900453B82 /* 13_Today_Extension */,
				E550D5002032D2A400453B82 /* Today_Extension */,
			);
		};
/* End PBXProject section */

/* Begin PBXResourcesBuildPhase section */
		E550D4E62032D09900453B82 /* Resources */ = {
			isa = PBXResourcesBuildPhase;
			buildActionMask = 2147483647;
			files = (
				E550D4F62032D09A00453B82 /* LaunchScreen.storyboard in Resources */,
				E550D4F32032D09A00453B82 /* Assets.xcassets in Resources */,
				E550D4F12032D09A00453B82 /* Main.storyboard in Resources */,
			);
			runOnlyForDeploymentPostprocessing = 0;
		};
		E550D4FF2032D2A400453B82 /* Resources */ = {
			isa = PBXResourcesBuildPhase;
			buildActionMask = 2147483647;
			files = (
				E550D50A2032D2A400453B82 /* MainInterface.storyboard in Resources */,
			);
			runOnlyForDeploymentPostprocessing = 0;
		};
/* End PBXResourcesBuildPhase section */

/* Begin PBXSourcesBuildPhase section */
		E550D4E42032D09900453B82 /* Sources */ = {
			isa = PBXSourcesBuildPhase;
			buildActionMask = 2147483647;
			files = (
				E550D4EE2032D09900453B82 /* ViewController.swift in Sources */,
				E550D4EC2032D09900453B82 /* AppDelegate.swift in Sources */,
			);
			runOnlyForDeploymentPostprocessing = 0;
		};
		E550D4FD2032D2A400453B82 /* Sources */ = {
			isa = PBXSourcesBuildPhase;
			buildActionMask = 2147483647;
			files = (
				E550D5072032D2A400453B82 /* TodayViewController.swift in Sources */,
			);
			runOnlyForDeploymentPostprocessing = 0;
		};
/* End PBXSourcesBuildPhase section */

/* Begin PBXTargetDependency section */
		E550D50D2032D2A400453B82 /* PBXTargetDependency */ = {
			isa = PBXTargetDependency;
			target = E550D5002032D2A400453B82 /* Today_Extension */;
			targetProxy = E550D50C2032D2A400453B82 /* PBXContainerItemProxy */;
		};
/* End PBXTargetDependency section */

/* Begin PBXVariantGroup section */
		E550D4EF2032D09A00453B82 /* Main.storyboard */ = {
			isa = PBXVariantGroup;
			children = (
				E550D4F02032D09A00453B82 /* Base */,
			);
			name = Main.storyboard;
			sourceTree = "<group>";
		};
		E550D4F42032D09A00453B82 /* LaunchScreen.storyboard */ = {
			isa = PBXVariantGroup;
			children = (
				E550D4F52032D09A00453B82 /* Base */,
			);
			name = LaunchScreen.storyboard;
			sourceTree = "<group>";
		};
		E550D5082032D2A400453B82 /* MainInterface.storyboard */ = {
			isa = PBXVariantGroup;
			children = (
				E550D5092032D2A400453B82 /* Base */,
			);
			name = MainInterface.storyboard;
			sourceTree = "<group>";
		};
/* End PBXVariantGroup section */

/* Begin XCBuildConfiguration section */
		E550D4F82032D09A00453B82 /* Debug */ = {
			isa = XCBuildConfiguration;
			buildSettings = {
				ALWAYS_SEARCH_USER_PATHS = NO;
				CLANG_ANALYZER_NONNULL = YES;
				CLANG_ANALYZER_NUMBER_OBJECT_CONVERSION = YES_AGGRESSIVE;
				CLANG_CXX_LANGUAGE_STANDARD = "gnu++14";
				CLANG_CXX_LIBRARY = "libc++";
				CLANG_ENABLE_MODULES = YES;
				CLANG_ENABLE_OBJC_ARC = YES;
				CLANG_WARN_BLOCK_CAPTURE_AUTORELEASING = YES;
				CLANG_WARN_BOOL_CONVERSION = YES;
				CLANG_WARN_COMMA = YES;
				CLANG_WARN_CONSTANT_CONVERSION = YES;
				CLANG_WARN_DIRECT_OBJC_ISA_USAGE = YES_ERROR;
				CLANG_WARN_DOCUMENTATION_COMMENTS = YES;
				CLANG_WARN_EMPTY_BODY = YES;
				CLANG_WARN_ENUM_CONVERSION = YES;
				CLANG_WARN_INFINITE_RECURSION = YES;
				CLANG_WARN_INT_CONVERSION = YES;
				CLANG_WARN_NON_LITERAL_NULL_CONVERSION = YES;
				CLANG_WARN_OBJC_LITERAL_CONVERSION = YES;
				CLANG_WARN_OBJC_ROOT_CLASS = YES_ERROR;
				CLANG_WARN_RANGE_LOOP_ANALYSIS = YES;
				CLANG_WARN_STRICT_PROTOTYPES = YES;
				CLANG_WARN_SUSPICIOUS_MOVE = YES;
				CLANG_WARN_UNGUARDED_AVAILABILITY = YES_AGGRESSIVE;
				CLANG_WARN_UNREACHABLE_CODE = YES;
				CLANG_WARN__DUPLICATE_METHOD_MATCH = YES;
				CODE_SIGN_IDENTITY = "iPhone Developer";
				COPY_PHASE_STRIP = NO;
				DEBUG_INFORMATION_FORMAT = dwarf;
				ENABLE_STRICT_OBJC_MSGSEND = YES;
				ENABLE_TESTABILITY = YES;
				GCC_C_LANGUAGE_STANDARD = gnu11;
				GCC_DYNAMIC_NO_PIC = NO;
				GCC_NO_COMMON_BLOCKS = YES;
				GCC_OPTIMIZATION_LEVEL = 0;
				GCC_PREPROCESSOR_DEFINITIONS = (
					"DEBUG=1",
					"$(inherited)",
				);
				GCC_WARN_64_TO_32_BIT_CONVERSION = YES;
				GCC_WARN_ABOUT_RETURN_TYPE = YES_ERROR;
				GCC_WARN_UNDECLARED_SELECTOR = YES;
				GCC_WARN_UNINITIALIZED_AUTOS = YES_AGGRESSIVE;
				GCC_WARN_UNUSED_FUNCTION = YES;
				GCC_WARN_UNUSED_VARIABLE = YES;
				IPHONEOS_DEPLOYMENT_TARGET = 11.2;
				MTL_ENABLE_DEBUG_INFO = YES;
				ONLY_ACTIVE_ARCH = YES;
				SDKROOT = iphoneos;
				SWIFT_ACTIVE_COMPILATION_CONDITIONS = DEBUG;
				SWIFT_OPTIMIZATION_LEVEL = "-Onone";
			};
			name = Debug;
		};
		E550D4F92032D09A00453B82 /* Release */ = {
			isa = XCBuildConfiguration;
			buildSettings = {
				ALWAYS_SEARCH_USER_PATHS = NO;
				CLANG_ANALYZER_NONNULL = YES;
				CLANG_ANALYZER_NUMBER_OBJECT_CONVERSION = YES_AGGRESSIVE;
				CLANG_CXX_LANGUAGE_STANDARD = "gnu++14";
				CLANG_CXX_LIBRARY = "libc++";
				CLANG_ENABLE_MODULES = YES;
				CLANG_ENABLE_OBJC_ARC = YES;
				CLANG_WARN_BLOCK_CAPTURE_AUTORELEASING = YES;
				CLANG_WARN_BOOL_CONVERSION = YES;
				CLANG_WARN_COMMA = YES;
				CLANG_WARN_CONSTANT_CONVERSION = YES;
				CLANG_WARN_DIRECT_OBJC_ISA_USAGE = YES_ERROR;
				CLANG_WARN_DOCUMENTATION_COMMENTS = YES;
				CLANG_WARN_EMPTY_BODY = YES;
				CLANG_WARN_ENUM_CONVERSION = YES;
				CLANG_WARN_INFINITE_RECURSION = YES;
				CLANG_WARN_INT_CONVERSION = YES;
				CLANG_WARN_NON_LITERAL_NULL_CONVERSION = YES;
				CLANG_WARN_OBJC_LITERAL_CONVERSION = YES;
				CLANG_WARN_OBJC_ROOT_CLASS = YES_ERROR;
				CLANG_WARN_RANGE_LOOP_ANALYSIS = YES;
				CLANG_WARN_STRICT_PROTOTYPES = YES;
				CLANG_WARN_SUSPICIOUS_MOVE = YES;
				CLANG_WARN_UNGUARDED_AVAILABILITY = YES_AGGRESSIVE;
				CLANG_WARN_UNREACHABLE_CODE = YES;
				CLANG_WARN__DUPLICATE_METHOD_MATCH = YES;
				CODE_SIGN_IDENTITY = "iPhone Developer";
				COPY_PHASE_STRIP = NO;
				DEBUG_INFORMATION_FORMAT = "dwarf-with-dsym";
				ENABLE_NS_ASSERTIONS = NO;
				ENABLE_STRICT_OBJC_MSGSEND = YES;
				GCC_C_LANGUAGE_STANDARD = gnu11;
				GCC_NO_COMMON_BLOCKS = YES;
				GCC_WARN_64_TO_32_BIT_CONVERSION = YES;
				GCC_WARN_ABOUT_RETURN_TYPE = YES_ERROR;
				GCC_WARN_UNDECLARED_SELECTOR = YES;
				GCC_WARN_UNINITIALIZED_AUTOS = YES_AGGRESSIVE;
				GCC_WARN_UNUSED_FUNCTION = YES;
				GCC_WARN_UNUSED_VARIABLE = YES;
				IPHONEOS_DEPLOYMENT_TARGET = 11.2;
				MTL_ENABLE_DEBUG_INFO = NO;
				SDKROOT = iphoneos;
				SWIFT_OPTIMIZATION_LEVEL = "-Owholemodule";
				VALIDATE_PRODUCT = YES;
			};
			name = Release;
		};
		E550D4FB2032D09A00453B82 /* Debug */ = {
			isa = XCBuildConfiguration;
			buildSettings = {
				ALWAYS_EMBED_SWIFT_STANDARD_LIBRARIES = YES;
				ASSETCATALOG_COMPILER_APPICON_NAME = AppIcon;
				CODE_SIGN_ENTITLEMENTS = 13_Today_Extension/13_Today_Extension.entitlements;
				CODE_SIGN_STYLE = Automatic;
				DEVELOPMENT_TEAM = 2YBFQ59LED;
				INFOPLIST_FILE = 13_Today_Extension/Info.plist;
				LD_RUNPATH_SEARCH_PATHS = "$(inherited) @executable_path/Frameworks";
				PRODUCT_BUNDLE_IDENTIFIER = "com.duliuqing.-3-Today-Extension";
				PRODUCT_NAME = "$(TARGET_NAME)";
				SWIFT_VERSION = 4.0;
				TARGETED_DEVICE_FAMILY = "1,2";
			};
			name = Debug;
		};
		E550D4FC2032D09A00453B82 /* Release */ = {
			isa = XCBuildConfiguration;
			buildSettings = {
				ALWAYS_EMBED_SWIFT_STANDARD_LIBRARIES = YES;
				ASSETCATALOG_COMPILER_APPICON_NAME = AppIcon;
				CODE_SIGN_ENTITLEMENTS = 13_Today_Extension/13_Today_Extension.entitlements;
				CODE_SIGN_STYLE = Automatic;
				DEVELOPMENT_TEAM = 2YBFQ59LED;
				INFOPLIST_FILE = 13_Today_Extension/Info.plist;
				LD_RUNPATH_SEARCH_PATHS = "$(inherited) @executable_path/Frameworks";
				PRODUCT_BUNDLE_IDENTIFIER = "com.duliuqing.-3-Today-Extension";
				PRODUCT_NAME = "$(TARGET_NAME)";
				SWIFT_VERSION = 4.0;
				TARGETED_DEVICE_FAMILY = "1,2";
			};
			name = Release;
		};
		E550D5102032D2A400453B82 /* Debug */ = {
			isa = XCBuildConfiguration;
			buildSettings = {
				CODE_SIGN_ENTITLEMENTS = Today_Extension/Today_Extension.entitlements;
				CODE_SIGN_STYLE = Automatic;
				DEVELOPMENT_TEAM = 2YBFQ59LED;
				INFOPLIST_FILE = Today_Extension/Info.plist;
				LD_RUNPATH_SEARCH_PATHS = "$(inherited) @executable_path/Frameworks @executable_path/../../Frameworks";
				PRODUCT_BUNDLE_IDENTIFIER = "com.duliuqing.-3-Today-Extension.Today-Extension";
				PRODUCT_NAME = "$(TARGET_NAME)";
				SKIP_INSTALL = YES;
				SWIFT_VERSION = 4.0;
				TARGETED_DEVICE_FAMILY = "1,2";
			};
			name = Debug;
		};
		E550D5112032D2A400453B82 /* Release */ = {
			isa = XCBuildConfiguration;
			buildSettings = {
				CODE_SIGN_ENTITLEMENTS = Today_Extension/Today_Extension.entitlements;
				CODE_SIGN_STYLE = Automatic;
				DEVELOPMENT_TEAM = 2YBFQ59LED;
				INFOPLIST_FILE = Today_Extension/Info.plist;
				LD_RUNPATH_SEARCH_PATHS = "$(inherited) @executable_path/Frameworks @executable_path/../../Frameworks";
				PRODUCT_BUNDLE_IDENTIFIER = "com.duliuqing.-3-Today-Extension.Today-Extension";
				PRODUCT_NAME = "$(TARGET_NAME)";
				SKIP_INSTALL = YES;
				SWIFT_VERSION = 4.0;
				TARGETED_DEVICE_FAMILY = "1,2";
			};
			name = Release;
		};
/* End XCBuildConfiguration section */

/* Begin XCConfigurationList section */
		E550D4E32032D09900453B82 /* Build configuration list for PBXProject "13_Today_Extension" */ = {
			isa = XCConfigurationList;
			buildConfigurations = (
				E550D4F82032D09A00453B82 /* Debug */,
				E550D4F92032D09A00453B82 /* Release */,
			);
			defaultConfigurationIsVisible = 0;
			defaultConfigurationName = Release;
		};
		E550D4FA2032D09A00453B82 /* Build configuration list for PBXNativeTarget "13_Today_Extension" */ = {
			isa = XCConfigurationList;
			buildConfigurations = (
				E550D4FB2032D09A00453B82 /* Debug */,
				E550D4FC2032D09A00453B82 /* Release */,
			);
			defaultConfigurationIsVisible = 0;
			defaultConfigurationName = Release;
		};
		E550D50F2032D2A400453B82 /* Build configuration list for PBXNativeTarget "Today_Extension" */ = {
			isa = XCConfigurationList;
			buildConfigurations = (
				E550D5102032D2A400453B82 /* Debug */,
				E550D5112032D2A400453B82 /* Release */,
			);
			defaultConfigurationIsVisible = 0;
			defaultConfigurationName = Release;
		};
/* End XCConfigurationList section */
	};
	rootObject = E550D4E02032D09900453B82 /* Project object */;
}
