// !$*UTF8*$!
{
	archiveVersion = 1;
	classes = {
	};
	objectVersion = 48;
	objects = {

/* Begin PBXBuildFile section */
		E5CA1892205A4FBA006101B0 /* AppDelegate.swift in Sources */ = {isa = PBXBuildFile; fileRef = E5CA1891205A4FBA006101B0 /* AppDelegate.swift */; };
		E5CA1894205A4FBA006101B0 /* ViewController.swift in Sources */ = {isa = PBXBuildFile; fileRef = E5CA1893205A4FBA006101B0 /* ViewController.swift */; };
		E5CA1897205A4FBA006101B0 /* Main.storyboard in Resources */ = {isa = PBXBuildFile; fileRef = E5CA1895205A4FBA006101B0 /* Main.storyboard */; };
		E5CA1899205A4FBA006101B0 /* Assets.xcassets in Resources */ = {isa = PBXBuildFile; fileRef = E5CA1898205A4FBA006101B0 /* Assets.xcassets */; };
		E5CA189C205A4FBA006101B0 /* LaunchScreen.storyboard in Resources */ = {isa = PBXBuildFile; fileRef = E5CA189A205A4FBA006101B0 /* LaunchScreen.storyboard */; };
		E5CA18A1205A4FBA006101B0 /* 30_Apple_Watch_Game WatchKit App.app in Embed Watch Content */ = {isa = PBXBuildFile; fileRef = E5CA18A0205A4FBA006101B0 /* 30_Apple_Watch_Game WatchKit App.app */; };
		E5CA18A7205A4FBB006101B0 /* Interface.storyboard in Resources */ = {isa = PBXBuildFile; fileRef = E5CA18A5205A4FBB006101B0 /* Interface.storyboard */; };
		E5CA18A9205A4FBB006101B0 /* Assets.xcassets in Resources */ = {isa = PBXBuildFile; fileRef = E5CA18A8205A4FBB006101B0 /* Assets.xcassets */; };
		E5CA18B0205A4FBB006101B0 /* 30_Apple_Watch_Game WatchKit Extension.appex in Embed App Extensions */ = {isa = PBXBuildFile; fileRef = E5CA18AF205A4FBB006101B0 /* 30_Apple_Watch_Game WatchKit Extension.appex */; settings = {ATTRIBUTES = (RemoveHeadersOnCopy, ); }; };
		E5CA18B5205A4FBB006101B0 /* InterfaceController.swift in Sources */ = {isa = PBXBuildFile; fileRef = E5CA18B4205A4FBB006101B0 /* InterfaceController.swift */; };
		E5CA18B7205A4FBB006101B0 /* ExtensionDelegate.swift in Sources */ = {isa = PBXBuildFile; fileRef = E5CA18B6205A4FBB006101B0 /* ExtensionDelegate.swift */; };
		E5CA18B9205A4FBB006101B0 /* Assets.xcassets in Resources */ = {isa = PBXBuildFile; fileRef = E5CA18B8205A4FBB006101B0 /* Assets.xcassets */; };
/* End PBXBuildFile section */

/* Begin PBXContainerItemProxy section */
		E5CA18A2205A4FBA006101B0 /* PBXContainerItemProxy */ = {
			isa = PBXContainerItemProxy;
			containerPortal = E5CA1886205A4FBA006101B0 /* Project object */;
			proxyType = 1;
			remoteGlobalIDString = E5CA189F205A4FBA006101B0;
			remoteInfo = "30_Apple_Watch_Game WatchKit App";
		};
		E5CA18B1205A4FBB006101B0 /* PBXContainerItemProxy */ = {
			isa = PBXContainerItemProxy;
			containerPortal = E5CA1886205A4FBA006101B0 /* Project object */;
			proxyType = 1;
			remoteGlobalIDString = E5CA18AE205A4FBB006101B0;
			remoteInfo = "30_Apple_Watch_Game WatchKit Extension";
		};
/* End PBXContainerItemProxy section */

/* Begin PBXCopyFilesBuildPhase section */
		E5CA18C0205A4FBB006101B0 /* Embed App Extensions */ = {
			isa = PBXCopyFilesBuildPhase;
			buildActionMask = 2147483647;
			dstPath = "";
			dstSubfolderSpec = 13;
			files = (
				E5CA18B0205A4FBB006101B0 /* 30_Apple_Watch_Game WatchKit Extension.appex in Embed App Extensions */,
			);
			name = "Embed App Extensions";
			runOnlyForDeploymentPostprocessing = 0;
		};
		E5CA18C4205A4FBB006101B0 /* Embed Watch Content */ = {
			isa = PBXCopyFilesBuildPhase;
			buildActionMask = 2147483647;
			dstPath = "$(CONTENTS_FOLDER_PATH)/Watch";
			dstSubfolderSpec = 16;
			files = (
				E5CA18A1205A4FBA006101B0 /* 30_Apple_Watch_Game WatchKit App.app in Embed Watch Content */,
			);
			name = "Embed Watch Content";
			runOnlyForDeploymentPostprocessing = 0;
		};
/* End PBXCopyFilesBuildPhase section */

/* Begin PBXFileReference section */
		E5CA188E205A4FBA006101B0 /* 30_Apple_Watch_Game.app */ = {isa = PBXFileReference; explicitFileType = wrapper.application; includeInIndex = 0; path = 30_Apple_Watch_Game.app; sourceTree = BUILT_PRODUCTS_DIR; };
		E5CA1891205A4FBA006101B0 /* AppDelegate.swift */ = {isa = PBXFileReference; lastKnownFileType = sourcecode.swift; path = AppDelegate.swift; sourceTree = "<group>"; };
		E5CA1893205A4FBA006101B0 /* ViewController.swift */ = {isa = PBXFileReference; lastKnownFileType = sourcecode.swift; path = ViewController.swift; sourceTree = "<group>"; };
		E5CA1896205A4FBA006101B0 /* Base */ = {isa = PBXFileReference; lastKnownFileType = file.storyboard; name = Base; path = Base.lproj/Main.storyboard; sourceTree = "<group>"; };
		E5CA1898205A4FBA006101B0 /* Assets.xcassets */ = {isa = PBXFileReference; lastKnownFileType = folder.assetcatalog; path = Assets.xcassets; sourceTree = "<group>"; };
		E5CA189B205A4FBA006101B0 /* Base */ = {isa = PBXFileReference; lastKnownFileType = file.storyboard; name = Base; path = Base.lproj/LaunchScreen.storyboard; sourceTree = "<group>"; };
		E5CA189D205A4FBA006101B0 /* Info.plist */ = {isa = PBXFileReference; lastKnownFileType = text.plist.xml; path = Info.plist; sourceTree = "<group>"; };
		E5CA18A0205A4FBA006101B0 /* 30_Apple_Watch_Game WatchKit App.app */ = {isa = PBXFileReference; explicitFileType = wrapper.application; includeInIndex = 0; path = "30_Apple_Watch_Game WatchKit App.app"; sourceTree = BUILT_PRODUCTS_DIR; };
		E5CA18A6205A4FBB006101B0 /* Base */ = {isa = PBXFileReference; lastKnownFileType = file.storyboard; name = Base; path = Base.lproj/Interface.storyboard; sourceTree = "<group>"; };
		E5CA18A8205A4FBB006101B0 /* Assets.xcassets */ = {isa = PBXFileReference; lastKnownFileType = folder.assetcatalog; path = Assets.xcassets; sourceTree = "<group>"; };
		E5CA18AA205A4FBB006101B0 /* Info.plist */ = {isa = PBXFileReference; lastKnownFileType = text.plist.xml; path = Info.plist; sourceTree = "<group>"; };
		E5CA18AF205A4FBB006101B0 /* 30_Apple_Watch_Game WatchKit Extension.appex */ = {isa = PBXFileReference; explicitFileType = "wrapper.app-extension"; includeInIndex = 0; path = "30_Apple_Watch_Game WatchKit Extension.appex"; sourceTree = BUILT_PRODUCTS_DIR; };
		E5CA18B4205A4FBB006101B0 /* InterfaceController.swift */ = {isa = PBXFileReference; lastKnownFileType = sourcecode.swift; path = InterfaceController.swift; sourceTree = "<group>"; };
		E5CA18B6205A4FBB006101B0 /* ExtensionDelegate.swift */ = {isa = PBXFileReference; lastKnownFileType = sourcecode.swift; path = ExtensionDelegate.swift; sourceTree = "<group>"; };
		E5CA18B8205A4FBB006101B0 /* Assets.xcassets */ = {isa = PBXFileReference; lastKnownFileType = folder.assetcatalog; path = Assets.xcassets; sourceTree = "<group>"; };
		E5CA18BA205A4FBB006101B0 /* Info.plist */ = {isa = PBXFileReference; lastKnownFileType = text.plist.xml; path = Info.plist; sourceTree = "<group>"; };
/* End PBXFileReference section */

/* Begin PBXFrameworksBuildPhase section */
		E5CA188B205A4FBA006101B0 /* Frameworks */ = {
			isa = PBXFrameworksBuildPhase;
			buildActionMask = 2147483647;
			files = (
			);
			runOnlyForDeploymentPostprocessing = 0;
		};
		E5CA18AC205A4FBB006101B0 /* Frameworks */ = {
			isa = PBXFrameworksBuildPhase;
			buildActionMask = 2147483647;
			files = (
			);
			runOnlyForDeploymentPostprocessing = 0;
		};
/* End PBXFrameworksBuildPhase section */

/* Begin PBXGroup section */
		E5CA1885205A4FBA006101B0 = {
			isa = PBXGroup;
			children = (
				E5CA1890205A4FBA006101B0 /* 30_Apple_Watch_Game */,
				E5CA18A4205A4FBB006101B0 /* 30_Apple_Watch_Game WatchKit App */,
				E5CA18B3205A4FBB006101B0 /* 30_Apple_Watch_Game WatchKit Extension */,
				E5CA188F205A4FBA006101B0 /* Products */,
			);
			sourceTree = "<group>";
		};
		E5CA188F205A4FBA006101B0 /* Products */ = {
			isa = PBXGroup;
			children = (
				E5CA188E205A4FBA006101B0 /* 30_Apple_Watch_Game.app */,
				E5CA18A0205A4FBA006101B0 /* 30_Apple_Watch_Game WatchKit App.app */,
				E5CA18AF205A4FBB006101B0 /* 30_Apple_Watch_Game WatchKit Extension.appex */,
			);
			name = Products;
			sourceTree = "<group>";
		};
		E5CA1890205A4FBA006101B0 /* 30_Apple_Watch_Game */ = {
			isa = PBXGroup;
			children = (
				E5CA1891205A4FBA006101B0 /* AppDelegate.swift */,
				E5CA1893205A4FBA006101B0 /* ViewController.swift */,
				E5CA1895205A4FBA006101B0 /* Main.storyboard */,
				E5CA1898205A4FBA006101B0 /* Assets.xcassets */,
				E5CA189A205A4FBA006101B0 /* LaunchScreen.storyboard */,
				E5CA189D205A4FBA006101B0 /* Info.plist */,
			);
			path = 30_Apple_Watch_Game;
			sourceTree = "<group>";
		};
		E5CA18A4205A4FBB006101B0 /* 30_Apple_Watch_Game WatchKit App */ = {
			isa = PBXGroup;
			children = (
				E5CA18A5205A4FBB006101B0 /* Interface.storyboard */,
				E5CA18A8205A4FBB006101B0 /* Assets.xcassets */,
				E5CA18AA205A4FBB006101B0 /* Info.plist */,
			);
			path = "30_Apple_Watch_Game WatchKit App";
			sourceTree = "<group>";
		};
		E5CA18B3205A4FBB006101B0 /* 30_Apple_Watch_Game WatchKit Extension */ = {
			isa = PBXGroup;
			children = (
				E5CA18B4205A4FBB006101B0 /* InterfaceController.swift */,
				E5CA18B6205A4FBB006101B0 /* ExtensionDelegate.swift */,
				E5CA18B8205A4FBB006101B0 /* Assets.xcassets */,
				E5CA18BA205A4FBB006101B0 /* Info.plist */,
			);
			path = "30_Apple_Watch_Game WatchKit Extension";
			sourceTree = "<group>";
		};
/* End PBXGroup section */

/* Begin PBXNativeTarget section */
		E5CA188D205A4FBA006101B0 /* 30_Apple_Watch_Game */ = {
			isa = PBXNativeTarget;
			buildConfigurationList = E5CA18C5205A4FBB006101B0 /* Build configuration list for PBXNativeTarget "30_Apple_Watch_Game" */;
			buildPhases = (
				E5CA188A205A4FBA006101B0 /* Sources */,
				E5CA188B205A4FBA006101B0 /* Frameworks */,
				E5CA188C205A4FBA006101B0 /* Resources */,
				E5CA18C4205A4FBB006101B0 /* Embed Watch Content */,
			);
			buildRules = (
			);
			dependencies = (
				E5CA18A3205A4FBA006101B0 /* PBXTargetDependency */,
			);
			name = 30_Apple_Watch_Game;
			productName = 30_Apple_Watch_Game;
			productReference = E5CA188E205A4FBA006101B0 /* 30_Apple_Watch_Game.app */;
			productType = "com.apple.product-type.application";
		};
		E5CA189F205A4FBA006101B0 /* 30_Apple_Watch_Game WatchKit App */ = {
			isa = PBXNativeTarget;
			buildConfigurationList = E5CA18C1205A4FBB006101B0 /* Build configuration list for PBXNativeTarget "30_Apple_Watch_Game WatchKit App" */;
			buildPhases = (
				E5CA189E205A4FBA006101B0 /* Resources */,
				E5CA18C0205A4FBB006101B0 /* Embed App Extensions */,
			);
			buildRules = (
			);
			dependencies = (
				E5CA18B2205A4FBB006101B0 /* PBXTargetDependency */,
			);
			name = "30_Apple_Watch_Game WatchKit App";
			productName = "30_Apple_Watch_Game WatchKit App";
			productReference = E5CA18A0205A4FBA006101B0 /* 30_Apple_Watch_Game WatchKit App.app */;
			productType = "com.apple.product-type.application.watchapp2";
		};
		E5CA18AE205A4FBB006101B0 /* 30_Apple_Watch_Game WatchKit Extension */ = {
			isa = PBXNativeTarget;
			buildConfigurationList = E5CA18BD205A4FBB006101B0 /* Build configuration list for PBXNativeTarget "30_Apple_Watch_Game WatchKit Extension" */;
			buildPhases = (
				E5CA18AB205A4FBB006101B0 /* Sources */,
				E5CA18AC205A4FBB006101B0 /* Frameworks */,
				E5CA18AD205A4FBB006101B0 /* Resources */,
			);
			buildRules = (
			);
			dependencies = (
			);
			name = "30_Apple_Watch_Game WatchKit Extension";
			productName = "30_Apple_Watch_Game WatchKit Extension";
			productReference = E5CA18AF205A4FBB006101B0 /* 30_Apple_Watch_Game WatchKit Extension.appex */;
			productType = "com.apple.product-type.watchkit2-extension";
		};
/* End PBXNativeTarget section */

/* Begin PBXProject section */
		E5CA1886205A4FBA006101B0 /* Project object */ = {
			isa = PBXProject;
			attributes = {
				LastSwiftUpdateCheck = 0920;
				LastUpgradeCheck = 0920;
				ORGANIZATIONNAME = JuneDesign;
				TargetAttributes = {
					E5CA188D205A4FBA006101B0 = {
						CreatedOnToolsVersion = 9.2;
						ProvisioningStyle = Automatic;
					};
					E5CA189F205A4FBA006101B0 = {
						CreatedOnToolsVersion = 9.2;
						ProvisioningStyle = Automatic;
					};
					E5CA18AE205A4FBB006101B0 = {
						CreatedOnToolsVersion = 9.2;
						ProvisioningStyle = Automatic;
					};
				};
			};
			buildConfigurationList = E5CA1889205A4FBA006101B0 /* Build configuration list for PBXProject "30_Apple_Watch_Game" */;
			compatibilityVersion = "Xcode 8.0";
			developmentRegion = en;
			hasScannedForEncodings = 0;
			knownRegions = (
				en,
				Base,
			);
			mainGroup = E5CA1885205A4FBA006101B0;
			productRefGroup = E5CA188F205A4FBA006101B0 /* Products */;
			projectDirPath = "";
			projectRoot = "";
			targets = (
				E5CA188D205A4FBA006101B0 /* 30_Apple_Watch_Game */,
				E5CA189F205A4FBA006101B0 /* 30_Apple_Watch_Game WatchKit App */,
				E5CA18AE205A4FBB006101B0 /* 30_Apple_Watch_Game WatchKit Extension */,
			);
		};
/* End PBXProject section */

/* Begin PBXResourcesBuildPhase section */
		E5CA188C205A4FBA006101B0 /* Resources */ = {
			isa = PBXResourcesBuildPhase;
			buildActionMask = 2147483647;
			files = (
				E5CA189C205A4FBA006101B0 /* LaunchScreen.storyboard in Resources */,
				E5CA1899205A4FBA006101B0 /* Assets.xcassets in Resources */,
				E5CA1897205A4FBA006101B0 /* Main.storyboard in Resources */,
			);
			runOnlyForDeploymentPostprocessing = 0;
		};
		E5CA189E205A4FBA006101B0 /* Resources */ = {
			isa = PBXResourcesBuildPhase;
			buildActionMask = 2147483647;
			files = (
				E5CA18A9205A4FBB006101B0 /* Assets.xcassets in Resources */,
				E5CA18A7205A4FBB006101B0 /* Interface.storyboard in Resources */,
			);
			runOnlyForDeploymentPostprocessing = 0;
		};
		E5CA18AD205A4FBB006101B0 /* Resources */ = {
			isa = PBXResourcesBuildPhase;
			buildActionMask = 2147483647;
			files = (
				E5CA18B9205A4FBB006101B0 /* Assets.xcassets in Resources */,
			);
			runOnlyForDeploymentPostprocessing = 0;
		};
/* End PBXResourcesBuildPhase section */

/* Begin PBXSourcesBuildPhase section */
		E5CA188A205A4FBA006101B0 /* Sources */ = {
			isa = PBXSourcesBuildPhase;
			buildActionMask = 2147483647;
			files = (
				E5CA1894205A4FBA006101B0 /* ViewController.swift in Sources */,
				E5CA1892205A4FBA006101B0 /* AppDelegate.swift in Sources */,
			);
			runOnlyForDeploymentPostprocessing = 0;
		};
		E5CA18AB205A4FBB006101B0 /* Sources */ = {
			isa = PBXSourcesBuildPhase;
			buildActionMask = 2147483647;
			files = (
				E5CA18B7205A4FBB006101B0 /* ExtensionDelegate.swift in Sources */,
				E5CA18B5205A4FBB006101B0 /* InterfaceController.swift in Sources */,
			);
			runOnlyForDeploymentPostprocessing = 0;
		};
/* End PBXSourcesBuildPhase section */

/* Begin PBXTargetDependency section */
		E5CA18A3205A4FBA006101B0 /* PBXTargetDependency */ = {
			isa = PBXTargetDependency;
			target = E5CA189F205A4FBA006101B0 /* 30_Apple_Watch_Game WatchKit App */;
			targetProxy = E5CA18A2205A4FBA006101B0 /* PBXContainerItemProxy */;
		};
		E5CA18B2205A4FBB006101B0 /* PBXTargetDependency */ = {
			isa = PBXTargetDependency;
			target = E5CA18AE205A4FBB006101B0 /* 30_Apple_Watch_Game WatchKit Extension */;
			targetProxy = E5CA18B1205A4FBB006101B0 /* PBXContainerItemProxy */;
		};
/* End PBXTargetDependency section */

/* Begin PBXVariantGroup section */
		E5CA1895205A4FBA006101B0 /* Main.storyboard */ = {
			isa = PBXVariantGroup;
			children = (
				E5CA1896205A4FBA006101B0 /* Base */,
			);
			name = Main.storyboard;
			sourceTree = "<group>";
		};
		E5CA189A205A4FBA006101B0 /* LaunchScreen.storyboard */ = {
			isa = PBXVariantGroup;
			children = (
				E5CA189B205A4FBA006101B0 /* Base */,
			);
			name = LaunchScreen.storyboard;
			sourceTree = "<group>";
		};
		E5CA18A5205A4FBB006101B0 /* Interface.storyboard */ = {
			isa = PBXVariantGroup;
			children = (
				E5CA18A6205A4FBB006101B0 /* Base */,
			);
			name = Interface.storyboard;
			sourceTree = "<group>";
		};
/* End PBXVariantGroup section */

/* Begin XCBuildConfiguration section */
		E5CA18BB205A4FBB006101B0 /* Debug */ = {
			isa = XCBuildConfiguration;
			buildSettings = {
				ALWAYS_SEARCH_USER_PATHS = NO;
				CLANG_ANALYZER_NONNULL = YES;
				CLANG_ANALYZER_NUMBER_OBJECT_CONVERSION = YES_AGGRESSIVE;
				CLANG_CXX_LANGUAGE_STANDARD = "gnu++14";
				CLANG_CXX_LIBRARY = "libc++";
				CLANG_ENABLE_MODULES = YES;
				CLANG_ENABLE_OBJC_ARC = YES;
				CLANG_WARN_BLOCK_CAPTURE_AUTORELEASING = YES;
				CLANG_WARN_BOOL_CONVERSION = YES;
				CLANG_WARN_COMMA = YES;
				CLANG_WARN_CONSTANT_CONVERSION = YES;
				CLANG_WARN_DIRECT_OBJC_ISA_USAGE = YES_ERROR;
				CLANG_WARN_DOCUMENTATION_COMMENTS = YES;
				CLANG_WARN_EMPTY_BODY = YES;
				CLANG_WARN_ENUM_CONVERSION = YES;
				CLANG_WARN_INFINITE_RECURSION = YES;
				CLANG_WARN_INT_CONVERSION = YES;
				CLANG_WARN_NON_LITERAL_NULL_CONVERSION = YES;
				CLANG_WARN_OBJC_LITERAL_CONVERSION = YES;
				CLANG_WARN_OBJC_ROOT_CLASS = YES_ERROR;
				CLANG_WARN_RANGE_LOOP_ANALYSIS = YES;
				CLANG_WARN_STRICT_PROTOTYPES = YES;
				CLANG_WARN_SUSPICIOUS_MOVE = YES;
				CLANG_WARN_UNGUARDED_AVAILABILITY = YES_AGGRESSIVE;
				CLANG_WARN_UNREACHABLE_CODE = YES;
				CLANG_WARN__DUPLICATE_METHOD_MATCH = YES;
				CODE_SIGN_IDENTITY = "iPhone Developer";
				COPY_PHASE_STRIP = NO;
				DEBUG_INFORMATION_FORMAT = dwarf;
				ENABLE_STRICT_OBJC_MSGSEND = YES;
				ENABLE_TESTABILITY = YES;
				GCC_C_LANGUAGE_STANDARD = gnu11;
				GCC_DYNAMIC_NO_PIC = NO;
				GCC_NO_COMMON_BLOCKS = YES;
				GCC_OPTIMIZATION_LEVEL = 0;
				GCC_PREPROCESSOR_DEFINITIONS = (
					"DEBUG=1",
					"$(inherited)",
				);
				GCC_WARN_64_TO_32_BIT_CONVERSION = YES;
				GCC_WARN_ABOUT_RETURN_TYPE = YES_ERROR;
				GCC_WARN_UNDECLARED_SELECTOR = YES;
				GCC_WARN_UNINITIALIZED_AUTOS = YES_AGGRESSIVE;
				GCC_WARN_UNUSED_FUNCTION = YES;
				GCC_WARN_UNUSED_VARIABLE = YES;
				IPHONEOS_DEPLOYMENT_TARGET = 11.2;
				MTL_ENABLE_DEBUG_INFO = YES;
				ONLY_ACTIVE_ARCH = YES;
				SDKROOT = iphoneos;
				SWIFT_ACTIVE_COMPILATION_CONDITIONS = DEBUG;
				SWIFT_OPTIMIZATION_LEVEL = "-Onone";
			};
			name = Debug;
		};
		E5CA18BC205A4FBB006101B0 /* Release */ = {
			isa = XCBuildConfiguration;
			buildSettings = {
				ALWAYS_SEARCH_USER_PATHS = NO;
				CLANG_ANALYZER_NONNULL = YES;
				CLANG_ANALYZER_NUMBER_OBJECT_CONVERSION = YES_AGGRESSIVE;
				CLANG_CXX_LANGUAGE_STANDARD = "gnu++14";
				CLANG_CXX_LIBRARY = "libc++";
				CLANG_ENABLE_MODULES = YES;
				CLANG_ENABLE_OBJC_ARC = YES;
				CLANG_WARN_BLOCK_CAPTURE_AUTORELEASING = YES;
				CLANG_WARN_BOOL_CONVERSION = YES;
				CLANG_WARN_COMMA = YES;
				CLANG_WARN_CONSTANT_CONVERSION = YES;
				CLANG_WARN_DIRECT_OBJC_ISA_USAGE = YES_ERROR;
				CLANG_WARN_DOCUMENTATION_COMMENTS = YES;
				CLANG_WARN_EMPTY_BODY = YES;
				CLANG_WARN_ENUM_CONVERSION = YES;
				CLANG_WARN_INFINITE_RECURSION = YES;
				CLANG_WARN_INT_CONVERSION = YES;
				CLANG_WARN_NON_LITERAL_NULL_CONVERSION = YES;
				CLANG_WARN_OBJC_LITERAL_CONVERSION = YES;
				CLANG_WARN_OBJC_ROOT_CLASS = YES_ERROR;
				CLANG_WARN_RANGE_LOOP_ANALYSIS = YES;
				CLANG_WARN_STRICT_PROTOTYPES = YES;
				CLANG_WARN_SUSPICIOUS_MOVE = YES;
				CLANG_WARN_UNGUARDED_AVAILABILITY = YES_AGGRESSIVE;
				CLANG_WARN_UNREACHABLE_CODE = YES;
				CLANG_WARN__DUPLICATE_METHOD_MATCH = YES;
				CODE_SIGN_IDENTITY = "iPhone Developer";
				COPY_PHASE_STRIP = NO;
				DEBUG_INFORMATION_FORMAT = "dwarf-with-dsym";
				ENABLE_NS_ASSERTIONS = NO;
				ENABLE_STRICT_OBJC_MSGSEND = YES;
				GCC_C_LANGUAGE_STANDARD = gnu11;
				GCC_NO_COMMON_BLOCKS = YES;
				GCC_WARN_64_TO_32_BIT_CONVERSION = YES;
				GCC_WARN_ABOUT_RETURN_TYPE = YES_ERROR;
				GCC_WARN_UNDECLARED_SELECTOR = YES;
				GCC_WARN_UNINITIALIZED_AUTOS = YES_AGGRESSIVE;
				GCC_WARN_UNUSED_FUNCTION = YES;
				GCC_WARN_UNUSED_VARIABLE = YES;
				IPHONEOS_DEPLOYMENT_TARGET = 11.2;
				MTL_ENABLE_DEBUG_INFO = NO;
				SDKROOT = iphoneos;
				SWIFT_OPTIMIZATION_LEVEL = "-Owholemodule";
				VALIDATE_PRODUCT = YES;
			};
			name = Release;
		};
		E5CA18BE205A4FBB006101B0 /* Debug */ = {
			isa = XCBuildConfiguration;
			buildSettings = {
				ASSETCATALOG_COMPILER_COMPLICATION_NAME = Complication;
				CODE_SIGN_STYLE = Automatic;
				DEVELOPMENT_TEAM = 2YBFQ59LED;
				INFOPLIST_FILE = "30_Apple_Watch_Game WatchKit Extension/Info.plist";
				LD_RUNPATH_SEARCH_PATHS = "$(inherited) @executable_path/Frameworks @executable_path/../../Frameworks";
				PRODUCT_BUNDLE_IDENTIFIER = "com.duliuqing.-0-Apple-Watch-Game.watchkitapp.watchkitextension";
				PRODUCT_NAME = "${TARGET_NAME}";
				SDKROOT = watchos;
				SKIP_INSTALL = YES;
				SWIFT_VERSION = 4.0;
				TARGETED_DEVICE_FAMILY = 4;
				WATCHOS_DEPLOYMENT_TARGET = 4.2;
			};
			name = Debug;
		};
		E5CA18BF205A4FBB006101B0 /* Release */ = {
			isa = XCBuildConfiguration;
			buildSettings = {
				ASSETCATALOG_COMPILER_COMPLICATION_NAME = Complication;
				CODE_SIGN_STYLE = Automatic;
				DEVELOPMENT_TEAM = 2YBFQ59LED;
				INFOPLIST_FILE = "30_Apple_Watch_Game WatchKit Extension/Info.plist";
				LD_RUNPATH_SEARCH_PATHS = "$(inherited) @executable_path/Frameworks @executable_path/../../Frameworks";
				PRODUCT_BUNDLE_IDENTIFIER = "com.duliuqing.-0-Apple-Watch-Game.watchkitapp.watchkitextension";
				PRODUCT_NAME = "${TARGET_NAME}";
				SDKROOT = watchos;
				SKIP_INSTALL = YES;
				SWIFT_VERSION = 4.0;
				TARGETED_DEVICE_FAMILY = 4;
				WATCHOS_DEPLOYMENT_TARGET = 4.2;
			};
			name = Release;
		};
		E5CA18C2205A4FBB006101B0 /* Debug */ = {
			isa = XCBuildConfiguration;
			buildSettings = {
				ALWAYS_EMBED_SWIFT_STANDARD_LIBRARIES = YES;
				ASSETCATALOG_COMPILER_APPICON_NAME = AppIcon;
				CODE_SIGN_STYLE = Automatic;
				DEVELOPMENT_TEAM = 2YBFQ59LED;
				IBSC_MODULE = _0_Apple_Watch_Game_WatchKit_Extension;
				INFOPLIST_FILE = "30_Apple_Watch_Game WatchKit App/Info.plist";
				PRODUCT_BUNDLE_IDENTIFIER = "com.duliuqing.-0-Apple-Watch-Game.watchkitapp";
				PRODUCT_NAME = "$(TARGET_NAME)";
				SDKROOT = watchos;
				SKIP_INSTALL = YES;
				SWIFT_VERSION = 4.0;
				TARGETED_DEVICE_FAMILY = 4;
				WATCHOS_DEPLOYMENT_TARGET = 4.2;
			};
			name = Debug;
		};
		E5CA18C3205A4FBB006101B0 /* Release */ = {
			isa = XCBuildConfiguration;
			buildSettings = {
				ALWAYS_EMBED_SWIFT_STANDARD_LIBRARIES = YES;
				ASSETCATALOG_COMPILER_APPICON_NAME = AppIcon;
				CODE_SIGN_STYLE = Automatic;
				DEVELOPMENT_TEAM = 2YBFQ59LED;
				IBSC_MODULE = _0_Apple_Watch_Game_WatchKit_Extension;
				INFOPLIST_FILE = "30_Apple_Watch_Game WatchKit App/Info.plist";
				PRODUCT_BUNDLE_IDENTIFIER = "com.duliuqing.-0-Apple-Watch-Game.watchkitapp";
				PRODUCT_NAME = "$(TARGET_NAME)";
				SDKROOT = watchos;
				SKIP_INSTALL = YES;
				SWIFT_VERSION = 4.0;
				TARGETED_DEVICE_FAMILY = 4;
				WATCHOS_DEPLOYMENT_TARGET = 4.2;
			};
			name = Release;
		};
		E5CA18C6205A4FBB006101B0 /* Debug */ = {
			isa = XCBuildConfiguration;
			buildSettings = {
				ASSETCATALOG_COMPILER_APPICON_NAME = AppIcon;
				CODE_SIGN_STYLE = Automatic;
				DEVELOPMENT_TEAM = 2YBFQ59LED;
				INFOPLIST_FILE = 30_Apple_Watch_Game/Info.plist;
				LD_RUNPATH_SEARCH_PATHS = "$(inherited) @executable_path/Frameworks";
				PRODUCT_BUNDLE_IDENTIFIER = "com.duliuqing.-0-Apple-Watch-Game";
				PRODUCT_NAME = "$(TARGET_NAME)";
				SWIFT_VERSION = 4.0;
				TARGETED_DEVICE_FAMILY = "1,2";
			};
			name = Debug;
		};
		E5CA18C7205A4FBB006101B0 /* Release */ = {
			isa = XCBuildConfiguration;
			buildSettings = {
				ASSETCATALOG_COMPILER_APPICON_NAME = AppIcon;
				CODE_SIGN_STYLE = Automatic;
				DEVELOPMENT_TEAM = 2YBFQ59LED;
				INFOPLIST_FILE = 30_Apple_Watch_Game/Info.plist;
				LD_RUNPATH_SEARCH_PATHS = "$(inherited) @executable_path/Frameworks";
				PRODUCT_BUNDLE_IDENTIFIER = "com.duliuqing.-0-Apple-Watch-Game";
				PRODUCT_NAME = "$(TARGET_NAME)";
				SWIFT_VERSION = 4.0;
				TARGETED_DEVICE_FAMILY = "1,2";
			};
			name = Release;
		};
/* End XCBuildConfiguration section */

/* Begin XCConfigurationList section */
		E5CA1889205A4FBA006101B0 /* Build configuration list for PBXProject "30_Apple_Watch_Game" */ = {
			isa = XCConfigurationList;
			buildConfigurations = (
				E5CA18BB205A4FBB006101B0 /* Debug */,
				E5CA18BC205A4FBB006101B0 /* Release */,
			);
			defaultConfigurationIsVisible = 0;
			defaultConfigurationName = Release;
		};
		E5CA18BD205A4FBB006101B0 /* Build configuration list for PBXNativeTarget "30_Apple_Watch_Game WatchKit Extension" */ = {
			isa = XCConfigurationList;
			buildConfigurations = (
				E5CA18BE205A4FBB006101B0 /* Debug */,
				E5CA18BF205A4FBB006101B0 /* Release */,
			);
			defaultConfigurationIsVisible = 0;
			defaultConfigurationName = Release;
		};
		E5CA18C1205A4FBB006101B0 /* Build configuration list for PBXNativeTarget "30_Apple_Watch_Game WatchKit App" */ = {
			isa = XCConfigurationList;
			buildConfigurations = (
				E5CA18C2205A4FBB006101B0 /* Debug */,
				E5CA18C3205A4FBB006101B0 /* Release */,
			);
			defaultConfigurationIsVisible = 0;
			defaultConfigurationName = Release;
		};
		E5CA18C5205A4FBB006101B0 /* Build configuration list for PBXNativeTarget "30_Apple_Watch_Game" */ = {
			isa = XCConfigurationList;
			buildConfigurations = (
				E5CA18C6205A4FBB006101B0 /* Debug */,
				E5CA18C7205A4FBB006101B0 /* Release */,
			);
			defaultConfigurationIsVisible = 0;
			defaultConfigurationName = Release;
		};
/* End XCConfigurationList section */
	};
	rootObject = E5CA1886205A4FBA006101B0 /* Project object */;
}
