// !$*UTF8*$!
{
	archiveVersion = 1;
	classes = {
	};
	objectVersion = 48;
	objects = {

/* Begin PBXBuildFile section */
		C9511C42AF1AA7800BE56D9D /* Pods_02_Timer.framework in Frameworks */ = {isa = PBXBuildFile; fileRef = DD3D43B88F24D8F5FE36B075 /* Pods_02_Timer.framework */; };
		E509CA072020003C009C4195 /* AppDelegate.swift in Sources */ = {isa = PBXBuildFile; fileRef = E509CA062020003C009C4195 /* AppDelegate.swift */; };
		E509CA092020003C009C4195 /* ViewController.swift in Sources */ = {isa = PBXBuildFile; fileRef = E509CA082020003C009C4195 /* ViewController.swift */; };
		E509CA0C2020003C009C4195 /* Main.storyboard in Resources */ = {isa = PBXBuildFile; fileRef = E509CA0A2020003C009C4195 /* Main.storyboard */; };
		E509CA0E2020003C009C4195 /* Assets.xcassets in Resources */ = {isa = PBXBuildFile; fileRef = E509CA0D2020003C009C4195 /* Assets.xcassets */; };
		E509CA112020003C009C4195 /* LaunchScreen.storyboard in Resources */ = {isa = PBXBuildFile; fileRef = E509CA0F2020003C009C4195 /* LaunchScreen.storyboard */; };
/* End PBXBuildFile section */

/* Begin PBXFileReference section */
		02C5AE43F133C96CC37A1850 /* Pods-02_Timer.release.xcconfig */ = {isa = PBXFileReference; includeInIndex = 1; lastKnownFileType = text.xcconfig; name = "Pods-02_Timer.release.xcconfig"; path = "Pods/Target Support Files/Pods-02_Timer/Pods-02_Timer.release.xcconfig"; sourceTree = "<group>"; };
		82CFDC12C12D0FCC26C67B67 /* Pods-02_Timer.debug.xcconfig */ = {isa = PBXFileReference; includeInIndex = 1; lastKnownFileType = text.xcconfig; name = "Pods-02_Timer.debug.xcconfig"; path = "Pods/Target Support Files/Pods-02_Timer/Pods-02_Timer.debug.xcconfig"; sourceTree = "<group>"; };
		DD3D43B88F24D8F5FE36B075 /* Pods_02_Timer.framework */ = {isa = PBXFileReference; explicitFileType = wrapper.framework; includeInIndex = 0; path = Pods_02_Timer.framework; sourceTree = BUILT_PRODUCTS_DIR; };
		E509CA032020003C009C4195 /* 02_Timer.app */ = {isa = PBXFileReference; explicitFileType = wrapper.application; includeInIndex = 0; path = 02_Timer.app; sourceTree = BUILT_PRODUCTS_DIR; };
		E509CA062020003C009C4195 /* AppDelegate.swift */ = {isa = PBXFileReference; lastKnownFileType = sourcecode.swift; path = AppDelegate.swift; sourceTree = "<group>"; };
		E509CA082020003C009C4195 /* ViewController.swift */ = {isa = PBXFileReference; lastKnownFileType = sourcecode.swift; path = ViewController.swift; sourceTree = "<group>"; };
		E509CA0B2020003C009C4195 /* Base */ = {isa = PBXFileReference; lastKnownFileType = file.storyboard; name = Base; path = Base.lproj/Main.storyboard; sourceTree = "<group>"; };
		E509CA0D2020003C009C4195 /* Assets.xcassets */ = {isa = PBXFileReference; lastKnownFileType = folder.assetcatalog; path = Assets.xcassets; sourceTree = "<group>"; };
		E509CA102020003C009C4195 /* Base */ = {isa = PBXFileReference; lastKnownFileType = file.storyboard; name = Base; path = Base.lproj/LaunchScreen.storyboard; sourceTree = "<group>"; };
		E509CA122020003C009C4195 /* Info.plist */ = {isa = PBXFileReference; lastKnownFileType = text.plist.xml; path = Info.plist; sourceTree = "<group>"; };
/* End PBXFileReference section */

/* Begin PBXFrameworksBuildPhase section */
		E509CA002020003C009C4195 /* Frameworks */ = {
			isa = PBXFrameworksBuildPhase;
			buildActionMask = 2147483647;
			files = (
				C9511C42AF1AA7800BE56D9D /* Pods_02_Timer.framework in Frameworks */,
			);
			runOnlyForDeploymentPostprocessing = 0;
		};
/* End PBXFrameworksBuildPhase section */

/* Begin PBXGroup section */
		2C769423FE35B6524C294391 /* Pods */ = {
			isa = PBXGroup;
			children = (
				82CFDC12C12D0FCC26C67B67 /* Pods-02_Timer.debug.xcconfig */,
				02C5AE43F133C96CC37A1850 /* Pods-02_Timer.release.xcconfig */,
			);
			name = Pods;
			sourceTree = "<group>";
		};
		9D062DB027458D36CC0B91F1 /* Frameworks */ = {
			isa = PBXGroup;
			children = (
				DD3D43B88F24D8F5FE36B075 /* Pods_02_Timer.framework */,
			);
			name = Frameworks;
			sourceTree = "<group>";
		};
		E509C9FA2020003C009C4195 = {
			isa = PBXGroup;
			children = (
				E509CA052020003C009C4195 /* 02_Timer */,
				E509CA042020003C009C4195 /* Products */,
				2C769423FE35B6524C294391 /* Pods */,
				9D062DB027458D36CC0B91F1 /* Frameworks */,
			);
			sourceTree = "<group>";
		};
		E509CA042020003C009C4195 /* Products */ = {
			isa = PBXGroup;
			children = (
				E509CA032020003C009C4195 /* 02_Timer.app */,
			);
			name = Products;
			sourceTree = "<group>";
		};
		E509CA052020003C009C4195 /* 02_Timer */ = {
			isa = PBXGroup;
			children = (
				E509CA062020003C009C4195 /* AppDelegate.swift */,
				E509CA082020003C009C4195 /* ViewController.swift */,
				E509CA0A2020003C009C4195 /* Main.storyboard */,
				E509CA0D2020003C009C4195 /* Assets.xcassets */,
				E509CA0F2020003C009C4195 /* LaunchScreen.storyboard */,
				E509CA122020003C009C4195 /* Info.plist */,
			);
			path = 02_Timer;
			sourceTree = "<group>";
		};
/* End PBXGroup section */

/* Begin PBXNativeTarget section */
		E509CA022020003C009C4195 /* 02_Timer */ = {
			isa = PBXNativeTarget;
			buildConfigurationList = E509CA152020003C009C4195 /* Build configuration list for PBXNativeTarget "02_Timer" */;
			buildPhases = (
				292B9890616E64AC6300A42C /* [CP] Check Pods Manifest.lock */,
				E509C9FF2020003C009C4195 /* Sources */,
				E509CA002020003C009C4195 /* Frameworks */,
				E509CA012020003C009C4195 /* Resources */,
				42C1C37B3688B67EF4FCF2DF /* [CP] Embed Pods Frameworks */,
				96F04026330E090ECABDA79C /* [CP] Copy Pods Resources */,
			);
			buildRules = (
			);
			dependencies = (
			);
			name = 02_Timer;
			productName = 02_Timer;
			productReference = E509CA032020003C009C4195 /* 02_Timer.app */;
			productType = "com.apple.product-type.application";
		};
/* End PBXNativeTarget section */

/* Begin PBXProject section */
		E509C9FB2020003C009C4195 /* Project object */ = {
			isa = PBXProject;
			attributes = {
				LastSwiftUpdateCheck = 0920;
				LastUpgradeCheck = 0920;
				ORGANIZATIONNAME = JuneDesign;
				TargetAttributes = {
					E509CA022020003C009C4195 = {
						CreatedOnToolsVersion = 9.2;
						ProvisioningStyle = Automatic;
					};
				};
			};
			buildConfigurationList = E509C9FE2020003C009C4195 /* Build configuration list for PBXProject "02_Timer" */;
			compatibilityVersion = "Xcode 8.0";
			developmentRegion = en;
			hasScannedForEncodings = 0;
			knownRegions = (
				en,
				Base,
			);
			mainGroup = E509C9FA2020003C009C4195;
			productRefGroup = E509CA042020003C009C4195 /* Products */;
			projectDirPath = "";
			projectRoot = "";
			targets = (
				E509CA022020003C009C4195 /* 02_Timer */,
			);
		};
/* End PBXProject section */

/* Begin PBXResourcesBuildPhase section */
		E509CA012020003C009C4195 /* Resources */ = {
			isa = PBXResourcesBuildPhase;
			buildActionMask = 2147483647;
			files = (
				E509CA112020003C009C4195 /* LaunchScreen.storyboard in Resources */,
				E509CA0E2020003C009C4195 /* Assets.xcassets in Resources */,
				E509CA0C2020003C009C4195 /* Main.storyboard in Resources */,
			);
			runOnlyForDeploymentPostprocessing = 0;
		};
/* End PBXResourcesBuildPhase section */

/* Begin PBXShellScriptBuildPhase section */
		292B9890616E64AC6300A42C /* [CP] Check Pods Manifest.lock */ = {
			isa = PBXShellScriptBuildPhase;
			buildActionMask = 2147483647;
			files = (
			);
			inputPaths = (
				"${PODS_PODFILE_DIR_PATH}/Podfile.lock",
				"${PODS_ROOT}/Manifest.lock",
			);
			name = "[CP] Check Pods Manifest.lock";
			outputPaths = (
				"$(DERIVED_FILE_DIR)/Pods-02_Timer-checkManifestLockResult.txt",
			);
			runOnlyForDeploymentPostprocessing = 0;
			shellPath = /bin/sh;
			shellScript = "diff \"${PODS_PODFILE_DIR_PATH}/Podfile.lock\" \"${PODS_ROOT}/Manifest.lock\" > /dev/null\nif [ $? != 0 ] ; then\n    # print error to STDERR\n    echo \"error: The sandbox is not in sync with the Podfile.lock. Run 'pod install' or update your CocoaPods installation.\" >&2\n    exit 1\nfi\n# This output is used by Xcode 'outputs' to avoid re-running this script phase.\necho \"SUCCESS\" > \"${SCRIPT_OUTPUT_FILE_0}\"\n";
			showEnvVarsInLog = 0;
		};
		42C1C37B3688B67EF4FCF2DF /* [CP] Embed Pods Frameworks */ = {
			isa = PBXShellScriptBuildPhase;
			buildActionMask = 2147483647;
			files = (
			);
			inputPaths = (
				"${SRCROOT}/Pods/Target Support Files/Pods-02_Timer/Pods-02_Timer-frameworks.sh",
				"${BUILT_PRODUCTS_DIR}/SnapKit/SnapKit.framework",
			);
			name = "[CP] Embed Pods Frameworks";
			outputPaths = (
				"${TARGET_BUILD_DIR}/${FRAMEWORKS_FOLDER_PATH}/SnapKit.framework",
			);
			runOnlyForDeploymentPostprocessing = 0;
			shellPath = /bin/sh;
			shellScript = "\"${SRCROOT}/Pods/Target Support Files/Pods-02_Timer/Pods-02_Timer-frameworks.sh\"\n";
			showEnvVarsInLog = 0;
		};
		96F04026330E090ECABDA79C /* [CP] Copy Pods Resources */ = {
			isa = PBXShellScriptBuildPhase;
			buildActionMask = 2147483647;
			files = (
			);
			inputPaths = (
			);
			name = "[CP] Copy Pods Resources";
			outputPaths = (
			);
			runOnlyForDeploymentPostprocessing = 0;
			shellPath = /bin/sh;
			shellScript = "\"${SRCROOT}/Pods/Target Support Files/Pods-02_Timer/Pods-02_Timer-resources.sh\"\n";
			showEnvVarsInLog = 0;
		};
/* End PBXShellScriptBuildPhase section */

/* Begin PBXSourcesBuildPhase section */
		E509C9FF2020003C009C4195 /* Sources */ = {
			isa = PBXSourcesBuildPhase;
			buildActionMask = 2147483647;
			files = (
				E509CA092020003C009C4195 /* ViewController.swift in Sources */,
				E509CA072020003C009C4195 /* AppDelegate.swift in Sources */,
			);
			runOnlyForDeploymentPostprocessing = 0;
		};
/* End PBXSourcesBuildPhase section */

/* Begin PBXVariantGroup section */
		E509CA0A2020003C009C4195 /* Main.storyboard */ = {
			isa = PBXVariantGroup;
			children = (
				E509CA0B2020003C009C4195 /* Base */,
			);
			name = Main.storyboard;
			sourceTree = "<group>";
		};
		E509CA0F2020003C009C4195 /* LaunchScreen.storyboard */ = {
			isa = PBXVariantGroup;
			children = (
				E509CA102020003C009C4195 /* Base */,
			);
			name = LaunchScreen.storyboard;
			sourceTree = "<group>";
		};
/* End PBXVariantGroup section */

/* Begin XCBuildConfiguration section */
		E509CA132020003C009C4195 /* Debug */ = {
			isa = XCBuildConfiguration;
			buildSettings = {
				ALWAYS_SEARCH_USER_PATHS = NO;
				CLANG_ANALYZER_NONNULL = YES;
				CLANG_ANALYZER_NUMBER_OBJECT_CONVERSION = YES_AGGRESSIVE;
				CLANG_CXX_LANGUAGE_STANDARD = "gnu++14";
				CLANG_CXX_LIBRARY = "libc++";
				CLANG_ENABLE_MODULES = YES;
				CLANG_ENABLE_OBJC_ARC = YES;
				CLANG_WARN_BLOCK_CAPTURE_AUTORELEASING = YES;
				CLANG_WARN_BOOL_CONVERSION = YES;
				CLANG_WARN_COMMA = YES;
				CLANG_WARN_CONSTANT_CONVERSION = YES;
				CLANG_WARN_DIRECT_OBJC_ISA_USAGE = YES_ERROR;
				CLANG_WARN_DOCUMENTATION_COMMENTS = YES;
				CLANG_WARN_EMPTY_BODY = YES;
				CLANG_WARN_ENUM_CONVERSION = YES;
				CLANG_WARN_INFINITE_RECURSION = YES;
				CLANG_WARN_INT_CONVERSION = YES;
				CLANG_WARN_NON_LITERAL_NULL_CONVERSION = YES;
				CLANG_WARN_OBJC_LITERAL_CONVERSION = YES;
				CLANG_WARN_OBJC_ROOT_CLASS = YES_ERROR;
				CLANG_WARN_RANGE_LOOP_ANALYSIS = YES;
				CLANG_WARN_STRICT_PROTOTYPES = YES;
				CLANG_WARN_SUSPICIOUS_MOVE = YES;
				CLANG_WARN_UNGUARDED_AVAILABILITY = YES_AGGRESSIVE;
				CLANG_WARN_UNREACHABLE_CODE = YES;
				CLANG_WARN__DUPLICATE_METHOD_MATCH = YES;
				CODE_SIGN_IDENTITY = "iPhone Developer";
				COPY_PHASE_STRIP = NO;
				DEBUG_INFORMATION_FORMAT = dwarf;
				ENABLE_STRICT_OBJC_MSGSEND = YES;
				ENABLE_TESTABILITY = YES;
				GCC_C_LANGUAGE_STANDARD = gnu11;
				GCC_DYNAMIC_NO_PIC = NO;
				GCC_NO_COMMON_BLOCKS = YES;
				GCC_OPTIMIZATION_LEVEL = 0;
				GCC_PREPROCESSOR_DEFINITIONS = (
					"DEBUG=1",
					"$(inherited)",
				);
				GCC_WARN_64_TO_32_BIT_CONVERSION = YES;
				GCC_WARN_ABOUT_RETURN_TYPE = YES_ERROR;
				GCC_WARN_UNDECLARED_SELECTOR = YES;
				GCC_WARN_UNINITIALIZED_AUTOS = YES_AGGRESSIVE;
				GCC_WARN_UNUSED_FUNCTION = YES;
				GCC_WARN_UNUSED_VARIABLE = YES;
				IPHONEOS_DEPLOYMENT_TARGET = 11.2;
				MTL_ENABLE_DEBUG_INFO = YES;
				ONLY_ACTIVE_ARCH = YES;
				SDKROOT = iphoneos;
				SWIFT_ACTIVE_COMPILATION_CONDITIONS = DEBUG;
				SWIFT_OPTIMIZATION_LEVEL = "-Onone";
			};
			name = Debug;
		};
		E509CA142020003C009C4195 /* Release */ = {
			isa = XCBuildConfiguration;
			buildSettings = {
				ALWAYS_SEARCH_USER_PATHS = NO;
				CLANG_ANALYZER_NONNULL = YES;
				CLANG_ANALYZER_NUMBER_OBJECT_CONVERSION = YES_AGGRESSIVE;
				CLANG_CXX_LANGUAGE_STANDARD = "gnu++14";
				CLANG_CXX_LIBRARY = "libc++";
				CLANG_ENABLE_MODULES = YES;
				CLANG_ENABLE_OBJC_ARC = YES;
				CLANG_WARN_BLOCK_CAPTURE_AUTORELEASING = YES;
				CLANG_WARN_BOOL_CONVERSION = YES;
				CLANG_WARN_COMMA = YES;
				CLANG_WARN_CONSTANT_CONVERSION = YES;
				CLANG_WARN_DIRECT_OBJC_ISA_USAGE = YES_ERROR;
				CLANG_WARN_DOCUMENTATION_COMMENTS = YES;
				CLANG_WARN_EMPTY_BODY = YES;
				CLANG_WARN_ENUM_CONVERSION = YES;
				CLANG_WARN_INFINITE_RECURSION = YES;
				CLANG_WARN_INT_CONVERSION = YES;
				CLANG_WARN_NON_LITERAL_NULL_CONVERSION = YES;
				CLANG_WARN_OBJC_LITERAL_CONVERSION = YES;
				CLANG_WARN_OBJC_ROOT_CLASS = YES_ERROR;
				CLANG_WARN_RANGE_LOOP_ANALYSIS = YES;
				CLANG_WARN_STRICT_PROTOTYPES = YES;
				CLANG_WARN_SUSPICIOUS_MOVE = YES;
				CLANG_WARN_UNGUARDED_AVAILABILITY = YES_AGGRESSIVE;
				CLANG_WARN_UNREACHABLE_CODE = YES;
				CLANG_WARN__DUPLICATE_METHOD_MATCH = YES;
				CODE_SIGN_IDENTITY = "iPhone Developer";
				COPY_PHASE_STRIP = NO;
				DEBUG_INFORMATION_FORMAT = "dwarf-with-dsym";
				ENABLE_NS_ASSERTIONS = NO;
				ENABLE_STRICT_OBJC_MSGSEND = YES;
				GCC_C_LANGUAGE_STANDARD = gnu11;
				GCC_NO_COMMON_BLOCKS = YES;
				GCC_WARN_64_TO_32_BIT_CONVERSION = YES;
				GCC_WARN_ABOUT_RETURN_TYPE = YES_ERROR;
				GCC_WARN_UNDECLARED_SELECTOR = YES;
				GCC_WARN_UNINITIALIZED_AUTOS = YES_AGGRESSIVE;
				GCC_WARN_UNUSED_FUNCTION = YES;
				GCC_WARN_UNUSED_VARIABLE = YES;
				IPHONEOS_DEPLOYMENT_TARGET = 11.2;
				MTL_ENABLE_DEBUG_INFO = NO;
				SDKROOT = iphoneos;
				SWIFT_OPTIMIZATION_LEVEL = "-Owholemodule";
				VALIDATE_PRODUCT = YES;
			};
			name = Release;
		};
		E509CA162020003C009C4195 /* Debug */ = {
			isa = XCBuildConfiguration;
			baseConfigurationReference = 82CFDC12C12D0FCC26C67B67 /* Pods-02_Timer.debug.xcconfig */;
			buildSettings = {
				ASSETCATALOG_COMPILER_APPICON_NAME = AppIcon;
				CODE_SIGN_STYLE = Automatic;
				DEVELOPMENT_TEAM = 2YBFQ59LED;
				INFOPLIST_FILE = 02_Timer/Info.plist;
				LD_RUNPATH_SEARCH_PATHS = "$(inherited) @executable_path/Frameworks";
				PRODUCT_BUNDLE_IDENTIFIER = "com.duliuqing.-2-Timer";
				PRODUCT_NAME = "$(TARGET_NAME)";
				SWIFT_VERSION = 4.0;
				TARGETED_DEVICE_FAMILY = "1,2";
			};
			name = Debug;
		};
		E509CA172020003C009C4195 /* Release */ = {
			isa = XCBuildConfiguration;
			baseConfigurationReference = 02C5AE43F133C96CC37A1850 /* Pods-02_Timer.release.xcconfig */;
			buildSettings = {
				ASSETCATALOG_COMPILER_APPICON_NAME = AppIcon;
				CODE_SIGN_STYLE = Automatic;
				DEVELOPMENT_TEAM = 2YBFQ59LED;
				INFOPLIST_FILE = 02_Timer/Info.plist;
				LD_RUNPATH_SEARCH_PATHS = "$(inherited) @executable_path/Frameworks";
				PRODUCT_BUNDLE_IDENTIFIER = "com.duliuqing.-2-Timer";
				PRODUCT_NAME = "$(TARGET_NAME)";
				SWIFT_VERSION = 4.0;
				TARGETED_DEVICE_FAMILY = "1,2";
			};
			name = Release;
		};
/* End XCBuildConfiguration section */

/* Begin XCConfigurationList section */
		E509C9FE2020003C009C4195 /* Build configuration list for PBXProject "02_Timer" */ = {
			isa = XCConfigurationList;
			buildConfigurations = (
				E509CA132020003C009C4195 /* Debug */,
				E509CA142020003C009C4195 /* Release */,
			);
			defaultConfigurationIsVisible = 0;
			defaultConfigurationName = Release;
		};
		E509CA152020003C009C4195 /* Build configuration list for PBXNativeTarget "02_Timer" */ = {
			isa = XCConfigurationList;
			buildConfigurations = (
				E509CA162020003C009C4195 /* Debug */,
				E509CA172020003C009C4195 /* Release */,
			);
			defaultConfigurationIsVisible = 0;
			defaultConfigurationName = Release;
		};
/* End XCConfigurationList section */
	};
	rootObject = E509C9FB2020003C009C4195 /* Project object */;
}
