// !$*UTF8*$!
{
	archiveVersion = 1;
	classes = {
	};
	objectVersion = 48;
	objects = {

/* Begin PBXBuildFile section */
		E505F726202AF5FD00F0ED19 /* AppDelegate.swift in Sources */ = {isa = PBXBuildFile; fileRef = E505F725202AF5FD00F0ED19 /* AppDelegate.swift */; };
		E505F728202AF5FD00F0ED19 /* ViewController.swift in Sources */ = {isa = PBXBuildFile; fileRef = E505F727202AF5FD00F0ED19 /* ViewController.swift */; };
		E505F72B202AF5FD00F0ED19 /* Main.storyboard in Resources */ = {isa = PBXBuildFile; fileRef = E505F729202AF5FD00F0ED19 /* Main.storyboard */; };
		E505F72D202AF5FD00F0ED19 /* Assets.xcassets in Resources */ = {isa = PBXBuildFile; fileRef = E505F72C202AF5FD00F0ED19 /* Assets.xcassets */; };
		E505F730202AF5FD00F0ED19 /* LaunchScreen.storyboard in Resources */ = {isa = PBXBuildFile; fileRef = E505F72E202AF5FD00F0ED19 /* LaunchScreen.storyboard */; };
/* End PBXBuildFile section */

/* Begin PBXFileReference section */
		E505F722202AF5FD00F0ED19 /* 08_Stretchy_Header.app */ = {isa = PBXFileReference; explicitFileType = wrapper.application; includeInIndex = 0; path = 08_Stretchy_Header.app; sourceTree = BUILT_PRODUCTS_DIR; };
		E505F725202AF5FD00F0ED19 /* AppDelegate.swift */ = {isa = PBXFileReference; lastKnownFileType = sourcecode.swift; path = AppDelegate.swift; sourceTree = "<group>"; };
		E505F727202AF5FD00F0ED19 /* ViewController.swift */ = {isa = PBXFileReference; lastKnownFileType = sourcecode.swift; path = ViewController.swift; sourceTree = "<group>"; };
		E505F72A202AF5FD00F0ED19 /* Base */ = {isa = PBXFileReference; lastKnownFileType = file.storyboard; name = Base; path = Base.lproj/Main.storyboard; sourceTree = "<group>"; };
		E505F72C202AF5FD00F0ED19 /* Assets.xcassets */ = {isa = PBXFileReference; lastKnownFileType = folder.assetcatalog; path = Assets.xcassets; sourceTree = "<group>"; };
		E505F72F202AF5FD00F0ED19 /* Base */ = {isa = PBXFileReference; lastKnownFileType = file.storyboard; name = Base; path = Base.lproj/LaunchScreen.storyboard; sourceTree = "<group>"; };
		E505F731202AF5FD00F0ED19 /* Info.plist */ = {isa = PBXFileReference; lastKnownFileType = text.plist.xml; path = Info.plist; sourceTree = "<group>"; };
/* End PBXFileReference section */

/* Begin PBXFrameworksBuildPhase section */
		E505F71F202AF5FD00F0ED19 /* Frameworks */ = {
			isa = PBXFrameworksBuildPhase;
			buildActionMask = 2147483647;
			files = (
			);
			runOnlyForDeploymentPostprocessing = 0;
		};
/* End PBXFrameworksBuildPhase section */

/* Begin PBXGroup section */
		E505F719202AF5FD00F0ED19 = {
			isa = PBXGroup;
			children = (
				E505F724202AF5FD00F0ED19 /* 08_Stretchy_Header */,
				E505F723202AF5FD00F0ED19 /* Products */,
			);
			sourceTree = "<group>";
		};
		E505F723202AF5FD00F0ED19 /* Products */ = {
			isa = PBXGroup;
			children = (
				E505F722202AF5FD00F0ED19 /* 08_Stretchy_Header.app */,
			);
			name = Products;
			sourceTree = "<group>";
		};
		E505F724202AF5FD00F0ED19 /* 08_Stretchy_Header */ = {
			isa = PBXGroup;
			children = (
				E505F725202AF5FD00F0ED19 /* AppDelegate.swift */,
				E505F727202AF5FD00F0ED19 /* ViewController.swift */,
				E505F729202AF5FD00F0ED19 /* Main.storyboard */,
				E505F72C202AF5FD00F0ED19 /* Assets.xcassets */,
				E505F72E202AF5FD00F0ED19 /* LaunchScreen.storyboard */,
				E505F731202AF5FD00F0ED19 /* Info.plist */,
			);
			path = 08_Stretchy_Header;
			sourceTree = "<group>";
		};
/* End PBXGroup section */

/* Begin PBXNativeTarget section */
		E505F721202AF5FD00F0ED19 /* 08_Stretchy_Header */ = {
			isa = PBXNativeTarget;
			buildConfigurationList = E505F734202AF5FD00F0ED19 /* Build configuration list for PBXNativeTarget "08_Stretchy_Header" */;
			buildPhases = (
				E505F71E202AF5FD00F0ED19 /* Sources */,
				E505F71F202AF5FD00F0ED19 /* Frameworks */,
				E505F720202AF5FD00F0ED19 /* Resources */,
			);
			buildRules = (
			);
			dependencies = (
			);
			name = 08_Stretchy_Header;
			productName = 08_Stretchy_Header;
			productReference = E505F722202AF5FD00F0ED19 /* 08_Stretchy_Header.app */;
			productType = "com.apple.product-type.application";
		};
/* End PBXNativeTarget section */

/* Begin PBXProject section */
		E505F71A202AF5FD00F0ED19 /* Project object */ = {
			isa = PBXProject;
			attributes = {
				LastSwiftUpdateCheck = 0920;
				LastUpgradeCheck = 0920;
				ORGANIZATIONNAME = JuneDesign;
				TargetAttributes = {
					E505F721202AF5FD00F0ED19 = {
						CreatedOnToolsVersion = 9.2;
						ProvisioningStyle = Automatic;
					};
				};
			};
			buildConfigurationList = E505F71D202AF5FD00F0ED19 /* Build configuration list for PBXProject "08_Stretchy_Header" */;
			compatibilityVersion = "Xcode 8.0";
			developmentRegion = en;
			hasScannedForEncodings = 0;
			knownRegions = (
				en,
				Base,
			);
			mainGroup = E505F719202AF5FD00F0ED19;
			productRefGroup = E505F723202AF5FD00F0ED19 /* Products */;
			projectDirPath = "";
			projectRoot = "";
			targets = (
				E505F721202AF5FD00F0ED19 /* 08_Stretchy_Header */,
			);
		};
/* End PBXProject section */

/* Begin PBXResourcesBuildPhase section */
		E505F720202AF5FD00F0ED19 /* Resources */ = {
			isa = PBXResourcesBuildPhase;
			buildActionMask = 2147483647;
			files = (
				E505F730202AF5FD00F0ED19 /* LaunchScreen.storyboard in Resources */,
				E505F72D202AF5FD00F0ED19 /* Assets.xcassets in Resources */,
				E505F72B202AF5FD00F0ED19 /* Main.storyboard in Resources */,
			);
			runOnlyForDeploymentPostprocessing = 0;
		};
/* End PBXResourcesBuildPhase section */

/* Begin PBXSourcesBuildPhase section */
		E505F71E202AF5FD00F0ED19 /* Sources */ = {
			isa = PBXSourcesBuildPhase;
			buildActionMask = 2147483647;
			files = (
				E505F728202AF5FD00F0ED19 /* ViewController.swift in Sources */,
				E505F726202AF5FD00F0ED19 /* AppDelegate.swift in Sources */,
			);
			runOnlyForDeploymentPostprocessing = 0;
		};
/* End PBXSourcesBuildPhase section */

/* Begin PBXVariantGroup section */
		E505F729202AF5FD00F0ED19 /* Main.storyboard */ = {
			isa = PBXVariantGroup;
			children = (
				E505F72A202AF5FD00F0ED19 /* Base */,
			);
			name = Main.storyboard;
			sourceTree = "<group>";
		};
		E505F72E202AF5FD00F0ED19 /* LaunchScreen.storyboard */ = {
			isa = PBXVariantGroup;
			children = (
				E505F72F202AF5FD00F0ED19 /* Base */,
			);
			name = LaunchScreen.storyboard;
			sourceTree = "<group>";
		};
/* End PBXVariantGroup section */

/* Begin XCBuildConfiguration section */
		E505F732202AF5FD00F0ED19 /* Debug */ = {
			isa = XCBuildConfiguration;
			buildSettings = {
				ALWAYS_SEARCH_USER_PATHS = NO;
				CLANG_ANALYZER_NONNULL = YES;
				CLANG_ANALYZER_NUMBER_OBJECT_CONVERSION = YES_AGGRESSIVE;
				CLANG_CXX_LANGUAGE_STANDARD = "gnu++14";
				CLANG_CXX_LIBRARY = "libc++";
				CLANG_ENABLE_MODULES = YES;
				CLANG_ENABLE_OBJC_ARC = YES;
				CLANG_WARN_BLOCK_CAPTURE_AUTORELEASING = YES;
				CLANG_WARN_BOOL_CONVERSION = YES;
				CLANG_WARN_COMMA = YES;
				CLANG_WARN_CONSTANT_CONVERSION = YES;
				CLANG_WARN_DIRECT_OBJC_ISA_USAGE = YES_ERROR;
				CLANG_WARN_DOCUMENTATION_COMMENTS = YES;
				CLANG_WARN_EMPTY_BODY = YES;
				CLANG_WARN_ENUM_CONVERSION = YES;
				CLANG_WARN_INFINITE_RECURSION = YES;
				CLANG_WARN_INT_CONVERSION = YES;
				CLANG_WARN_NON_LITERAL_NULL_CONVERSION = YES;
				CLANG_WARN_OBJC_LITERAL_CONVERSION = YES;
				CLANG_WARN_OBJC_ROOT_CLASS = YES_ERROR;
				CLANG_WARN_RANGE_LOOP_ANALYSIS = YES;
				CLANG_WARN_STRICT_PROTOTYPES = YES;
				CLANG_WARN_SUSPICIOUS_MOVE = YES;
				CLANG_WARN_UNGUARDED_AVAILABILITY = YES_AGGRESSIVE;
				CLANG_WARN_UNREACHABLE_CODE = YES;
				CLANG_WARN__DUPLICATE_METHOD_MATCH = YES;
				CODE_SIGN_IDENTITY = "iPhone Developer";
				COPY_PHASE_STRIP = NO;
				DEBUG_INFORMATION_FORMAT = dwarf;
				ENABLE_STRICT_OBJC_MSGSEND = YES;
				ENABLE_TESTABILITY = YES;
				GCC_C_LANGUAGE_STANDARD = gnu11;
				GCC_DYNAMIC_NO_PIC = NO;
				GCC_NO_COMMON_BLOCKS = YES;
				GCC_OPTIMIZATION_LEVEL = 0;
				GCC_PREPROCESSOR_DEFINITIONS = (
					"DEBUG=1",
					"$(inherited)",
				);
				GCC_WARN_64_TO_32_BIT_CONVERSION = YES;
				GCC_WARN_ABOUT_RETURN_TYPE = YES_ERROR;
				GCC_WARN_UNDECLARED_SELECTOR = YES;
				GCC_WARN_UNINITIALIZED_AUTOS = YES_AGGRESSIVE;
				GCC_WARN_UNUSED_FUNCTION = YES;
				GCC_WARN_UNUSED_VARIABLE = YES;
				IPHONEOS_DEPLOYMENT_TARGET = 11.2;
				MTL_ENABLE_DEBUG_INFO = YES;
				ONLY_ACTIVE_ARCH = YES;
				SDKROOT = iphoneos;
				SWIFT_ACTIVE_COMPILATION_CONDITIONS = DEBUG;
				SWIFT_OPTIMIZATION_LEVEL = "-Onone";
			};
			name = Debug;
		};
		E505F733202AF5FD00F0ED19 /* Release */ = {
			isa = XCBuildConfiguration;
			buildSettings = {
				ALWAYS_SEARCH_USER_PATHS = NO;
				CLANG_ANALYZER_NONNULL = YES;
				CLANG_ANALYZER_NUMBER_OBJECT_CONVERSION = YES_AGGRESSIVE;
				CLANG_CXX_LANGUAGE_STANDARD = "gnu++14";
				CLANG_CXX_LIBRARY = "libc++";
				CLANG_ENABLE_MODULES = YES;
				CLANG_ENABLE_OBJC_ARC = YES;
				CLANG_WARN_BLOCK_CAPTURE_AUTORELEASING = YES;
				CLANG_WARN_BOOL_CONVERSION = YES;
				CLANG_WARN_COMMA = YES;
				CLANG_WARN_CONSTANT_CONVERSION = YES;
				CLANG_WARN_DIRECT_OBJC_ISA_USAGE = YES_ERROR;
				CLANG_WARN_DOCUMENTATION_COMMENTS = YES;
				CLANG_WARN_EMPTY_BODY = YES;
				CLANG_WARN_ENUM_CONVERSION = YES;
				CLANG_WARN_INFINITE_RECURSION = YES;
				CLANG_WARN_INT_CONVERSION = YES;
				CLANG_WARN_NON_LITERAL_NULL_CONVERSION = YES;
				CLANG_WARN_OBJC_LITERAL_CONVERSION = YES;
				CLANG_WARN_OBJC_ROOT_CLASS = YES_ERROR;
				CLANG_WARN_RANGE_LOOP_ANALYSIS = YES;
				CLANG_WARN_STRICT_PROTOTYPES = YES;
				CLANG_WARN_SUSPICIOUS_MOVE = YES;
				CLANG_WARN_UNGUARDED_AVAILABILITY = YES_AGGRESSIVE;
				CLANG_WARN_UNREACHABLE_CODE = YES;
				CLANG_WARN__DUPLICATE_METHOD_MATCH = YES;
				CODE_SIGN_IDENTITY = "iPhone Developer";
				COPY_PHASE_STRIP = NO;
				DEBUG_INFORMATION_FORMAT = "dwarf-with-dsym";
				ENABLE_NS_ASSERTIONS = NO;
				ENABLE_STRICT_OBJC_MSGSEND = YES;
				GCC_C_LANGUAGE_STANDARD = gnu11;
				GCC_NO_COMMON_BLOCKS = YES;
				GCC_WARN_64_TO_32_BIT_CONVERSION = YES;
				GCC_WARN_ABOUT_RETURN_TYPE = YES_ERROR;
				GCC_WARN_UNDECLARED_SELECTOR = YES;
				GCC_WARN_UNINITIALIZED_AUTOS = YES_AGGRESSIVE;
				GCC_WARN_UNUSED_FUNCTION = YES;
				GCC_WARN_UNUSED_VARIABLE = YES;
				IPHONEOS_DEPLOYMENT_TARGET = 11.2;
				MTL_ENABLE_DEBUG_INFO = NO;
				SDKROOT = iphoneos;
				SWIFT_OPTIMIZATION_LEVEL = "-Owholemodule";
				VALIDATE_PRODUCT = YES;
			};
			name = Release;
		};
		E505F735202AF5FD00F0ED19 /* Debug */ = {
			isa = XCBuildConfiguration;
			buildSettings = {
				ASSETCATALOG_COMPILER_APPICON_NAME = AppIcon;
				CODE_SIGN_STYLE = Automatic;
				DEVELOPMENT_TEAM = 2YBFQ59LED;
				INFOPLIST_FILE = 08_Stretchy_Header/Info.plist;
				LD_RUNPATH_SEARCH_PATHS = "$(inherited) @executable_path/Frameworks";
				PRODUCT_BUNDLE_IDENTIFIER = "com.duliuqing.-8-Stretchy-Header";
				PRODUCT_NAME = "$(TARGET_NAME)";
				SWIFT_VERSION = 4.0;
				TARGETED_DEVICE_FAMILY = "1,2";
			};
			name = Debug;
		};
		E505F736202AF5FD00F0ED19 /* Release */ = {
			isa = XCBuildConfiguration;
			buildSettings = {
				ASSETCATALOG_COMPILER_APPICON_NAME = AppIcon;
				CODE_SIGN_STYLE = Automatic;
				DEVELOPMENT_TEAM = 2YBFQ59LED;
				INFOPLIST_FILE = 08_Stretchy_Header/Info.plist;
				LD_RUNPATH_SEARCH_PATHS = "$(inherited) @executable_path/Frameworks";
				PRODUCT_BUNDLE_IDENTIFIER = "com.duliuqing.-8-Stretchy-Header";
				PRODUCT_NAME = "$(TARGET_NAME)";
				SWIFT_VERSION = 4.0;
				TARGETED_DEVICE_FAMILY = "1,2";
			};
			name = Release;
		};
/* End XCBuildConfiguration section */

/* Begin XCConfigurationList section */
		E505F71D202AF5FD00F0ED19 /* Build configuration list for PBXProject "08_Stretchy_Header" */ = {
			isa = XCConfigurationList;
			buildConfigurations = (
				E505F732202AF5FD00F0ED19 /* Debug */,
				E505F733202AF5FD00F0ED19 /* Release */,
			);
			defaultConfigurationIsVisible = 0;
			defaultConfigurationName = Release;
		};
		E505F734202AF5FD00F0ED19 /* Build configuration list for PBXNativeTarget "08_Stretchy_Header" */ = {
			isa = XCConfigurationList;
			buildConfigurations = (
				E505F735202AF5FD00F0ED19 /* Debug */,
				E505F736202AF5FD00F0ED19 /* Release */,
			);
			defaultConfigurationIsVisible = 0;
			defaultConfigurationName = Release;
		};
/* End XCConfigurationList section */
	};
	rootObject = E505F71A202AF5FD00F0ED19 /* Project object */;
}
