// !$*UTF8*$!
{
	archiveVersion = 1;
	classes = {
	};
	objectVersion = 48;
	objects = {

/* Begin PBXBuildFile section */
		E54E7141203039F000D85B27 /* AppDelegate.swift in Sources */ = {isa = PBXBuildFile; fileRef = E54E7140203039F000D85B27 /* AppDelegate.swift */; };
		E54E7143203039F000D85B27 /* ViewController.swift in Sources */ = {isa = PBXBuildFile; fileRef = E54E7142203039F000D85B27 /* ViewController.swift */; };
		E54E7146203039F000D85B27 /* Main.storyboard in Resources */ = {isa = PBXBuildFile; fileRef = E54E7144203039F000D85B27 /* Main.storyboard */; };
		E54E7148203039F000D85B27 /* Assets.xcassets in Resources */ = {isa = PBXBuildFile; fileRef = E54E7147203039F000D85B27 /* Assets.xcassets */; };
		E54E714B203039F000D85B27 /* LaunchScreen.storyboard in Resources */ = {isa = PBXBuildFile; fileRef = E54E7149203039F000D85B27 /* LaunchScreen.storyboard */; };
		E54E71532030465C00D85B27 /* fingerprint.png in Resources */ = {isa = PBXBuildFile; fileRef = E54E71522030465C00D85B27 /* fingerprint.png */; };
/* End PBXBuildFile section */

/* Begin PBXFileReference section */
		E54E713D203039F000D85B27 /* 11_3D_Touch.app */ = {isa = PBXFileReference; explicitFileType = wrapper.application; includeInIndex = 0; path = 11_3D_Touch.app; sourceTree = BUILT_PRODUCTS_DIR; };
		E54E7140203039F000D85B27 /* AppDelegate.swift */ = {isa = PBXFileReference; lastKnownFileType = sourcecode.swift; path = AppDelegate.swift; sourceTree = "<group>"; };
		E54E7142203039F000D85B27 /* ViewController.swift */ = {isa = PBXFileReference; lastKnownFileType = sourcecode.swift; path = ViewController.swift; sourceTree = "<group>"; };
		E54E7145203039F000D85B27 /* Base */ = {isa = PBXFileReference; lastKnownFileType = file.storyboard; name = Base; path = Base.lproj/Main.storyboard; sourceTree = "<group>"; };
		E54E7147203039F000D85B27 /* Assets.xcassets */ = {isa = PBXFileReference; lastKnownFileType = folder.assetcatalog; path = Assets.xcassets; sourceTree = "<group>"; };
		E54E714A203039F000D85B27 /* Base */ = {isa = PBXFileReference; lastKnownFileType = file.storyboard; name = Base; path = Base.lproj/LaunchScreen.storyboard; sourceTree = "<group>"; };
		E54E714C203039F000D85B27 /* Info.plist */ = {isa = PBXFileReference; lastKnownFileType = text.plist.xml; path = Info.plist; sourceTree = "<group>"; };
		E54E71522030465C00D85B27 /* fingerprint.png */ = {isa = PBXFileReference; lastKnownFileType = image.png; path = fingerprint.png; sourceTree = "<group>"; };
/* End PBXFileReference section */

/* Begin PBXFrameworksBuildPhase section */
		E54E713A203039F000D85B27 /* Frameworks */ = {
			isa = PBXFrameworksBuildPhase;
			buildActionMask = 2147483647;
			files = (
			);
			runOnlyForDeploymentPostprocessing = 0;
		};
/* End PBXFrameworksBuildPhase section */

/* Begin PBXGroup section */
		E54E7134203039F000D85B27 = {
			isa = PBXGroup;
			children = (
				E54E713F203039F000D85B27 /* 11_3D_Touch */,
				E54E713E203039F000D85B27 /* Products */,
			);
			sourceTree = "<group>";
		};
		E54E713E203039F000D85B27 /* Products */ = {
			isa = PBXGroup;
			children = (
				E54E713D203039F000D85B27 /* 11_3D_Touch.app */,
			);
			name = Products;
			sourceTree = "<group>";
		};
		E54E713F203039F000D85B27 /* 11_3D_Touch */ = {
			isa = PBXGroup;
			children = (
				E54E71522030465C00D85B27 /* fingerprint.png */,
				E54E7140203039F000D85B27 /* AppDelegate.swift */,
				E54E7142203039F000D85B27 /* ViewController.swift */,
				E54E7144203039F000D85B27 /* Main.storyboard */,
				E54E7147203039F000D85B27 /* Assets.xcassets */,
				E54E7149203039F000D85B27 /* LaunchScreen.storyboard */,
				E54E714C203039F000D85B27 /* Info.plist */,
			);
			path = 11_3D_Touch;
			sourceTree = "<group>";
		};
/* End PBXGroup section */

/* Begin PBXNativeTarget section */
		E54E713C203039F000D85B27 /* 11_3D_Touch */ = {
			isa = PBXNativeTarget;
			buildConfigurationList = E54E714F203039F000D85B27 /* Build configuration list for PBXNativeTarget "11_3D_Touch" */;
			buildPhases = (
				E54E7139203039F000D85B27 /* Sources */,
				E54E713A203039F000D85B27 /* Frameworks */,
				E54E713B203039F000D85B27 /* Resources */,
			);
			buildRules = (
			);
			dependencies = (
			);
			name = 11_3D_Touch;
			productName = 11_3D_Touch;
			productReference = E54E713D203039F000D85B27 /* 11_3D_Touch.app */;
			productType = "com.apple.product-type.application";
		};
/* End PBXNativeTarget section */

/* Begin PBXProject section */
		E54E7135203039F000D85B27 /* Project object */ = {
			isa = PBXProject;
			attributes = {
				LastSwiftUpdateCheck = 0920;
				LastUpgradeCheck = 0920;
				ORGANIZATIONNAME = JuneDesign;
				TargetAttributes = {
					E54E713C203039F000D85B27 = {
						CreatedOnToolsVersion = 9.2;
						ProvisioningStyle = Automatic;
					};
				};
			};
			buildConfigurationList = E54E7138203039F000D85B27 /* Build configuration list for PBXProject "11_3D_Touch" */;
			compatibilityVersion = "Xcode 8.0";
			developmentRegion = en;
			hasScannedForEncodings = 0;
			knownRegions = (
				en,
				Base,
			);
			mainGroup = E54E7134203039F000D85B27;
			productRefGroup = E54E713E203039F000D85B27 /* Products */;
			projectDirPath = "";
			projectRoot = "";
			targets = (
				E54E713C203039F000D85B27 /* 11_3D_Touch */,
			);
		};
/* End PBXProject section */

/* Begin PBXResourcesBuildPhase section */
		E54E713B203039F000D85B27 /* Resources */ = {
			isa = PBXResourcesBuildPhase;
			buildActionMask = 2147483647;
			files = (
				E54E714B203039F000D85B27 /* LaunchScreen.storyboard in Resources */,
				E54E7148203039F000D85B27 /* Assets.xcassets in Resources */,
				E54E71532030465C00D85B27 /* fingerprint.png in Resources */,
				E54E7146203039F000D85B27 /* Main.storyboard in Resources */,
			);
			runOnlyForDeploymentPostprocessing = 0;
		};
/* End PBXResourcesBuildPhase section */

/* Begin PBXSourcesBuildPhase section */
		E54E7139203039F000D85B27 /* Sources */ = {
			isa = PBXSourcesBuildPhase;
			buildActionMask = 2147483647;
			files = (
				E54E7143203039F000D85B27 /* ViewController.swift in Sources */,
				E54E7141203039F000D85B27 /* AppDelegate.swift in Sources */,
			);
			runOnlyForDeploymentPostprocessing = 0;
		};
/* End PBXSourcesBuildPhase section */

/* Begin PBXVariantGroup section */
		E54E7144203039F000D85B27 /* Main.storyboard */ = {
			isa = PBXVariantGroup;
			children = (
				E54E7145203039F000D85B27 /* Base */,
			);
			name = Main.storyboard;
			sourceTree = "<group>";
		};
		E54E7149203039F000D85B27 /* LaunchScreen.storyboard */ = {
			isa = PBXVariantGroup;
			children = (
				E54E714A203039F000D85B27 /* Base */,
			);
			name = LaunchScreen.storyboard;
			sourceTree = "<group>";
		};
/* End PBXVariantGroup section */

/* Begin XCBuildConfiguration section */
		E54E714D203039F000D85B27 /* Debug */ = {
			isa = XCBuildConfiguration;
			buildSettings = {
				ALWAYS_SEARCH_USER_PATHS = NO;
				CLANG_ANALYZER_NONNULL = YES;
				CLANG_ANALYZER_NUMBER_OBJECT_CONVERSION = YES_AGGRESSIVE;
				CLANG_CXX_LANGUAGE_STANDARD = "gnu++14";
				CLANG_CXX_LIBRARY = "libc++";
				CLANG_ENABLE_MODULES = YES;
				CLANG_ENABLE_OBJC_ARC = YES;
				CLANG_WARN_BLOCK_CAPTURE_AUTORELEASING = YES;
				CLANG_WARN_BOOL_CONVERSION = YES;
				CLANG_WARN_COMMA = YES;
				CLANG_WARN_CONSTANT_CONVERSION = YES;
				CLANG_WARN_DIRECT_OBJC_ISA_USAGE = YES_ERROR;
				CLANG_WARN_DOCUMENTATION_COMMENTS = YES;
				CLANG_WARN_EMPTY_BODY = YES;
				CLANG_WARN_ENUM_CONVERSION = YES;
				CLANG_WARN_INFINITE_RECURSION = YES;
				CLANG_WARN_INT_CONVERSION = YES;
				CLANG_WARN_NON_LITERAL_NULL_CONVERSION = YES;
				CLANG_WARN_OBJC_LITERAL_CONVERSION = YES;
				CLANG_WARN_OBJC_ROOT_CLASS = YES_ERROR;
				CLANG_WARN_RANGE_LOOP_ANALYSIS = YES;
				CLANG_WARN_STRICT_PROTOTYPES = YES;
				CLANG_WARN_SUSPICIOUS_MOVE = YES;
				CLANG_WARN_UNGUARDED_AVAILABILITY = YES_AGGRESSIVE;
				CLANG_WARN_UNREACHABLE_CODE = YES;
				CLANG_WARN__DUPLICATE_METHOD_MATCH = YES;
				CODE_SIGN_IDENTITY = "iPhone Developer";
				COPY_PHASE_STRIP = NO;
				DEBUG_INFORMATION_FORMAT = dwarf;
				ENABLE_STRICT_OBJC_MSGSEND = YES;
				ENABLE_TESTABILITY = YES;
				GCC_C_LANGUAGE_STANDARD = gnu11;
				GCC_DYNAMIC_NO_PIC = NO;
				GCC_NO_COMMON_BLOCKS = YES;
				GCC_OPTIMIZATION_LEVEL = 0;
				GCC_PREPROCESSOR_DEFINITIONS = (
					"DEBUG=1",
					"$(inherited)",
				);
				GCC_WARN_64_TO_32_BIT_CONVERSION = YES;
				GCC_WARN_ABOUT_RETURN_TYPE = YES_ERROR;
				GCC_WARN_UNDECLARED_SELECTOR = YES;
				GCC_WARN_UNINITIALIZED_AUTOS = YES_AGGRESSIVE;
				GCC_WARN_UNUSED_FUNCTION = YES;
				GCC_WARN_UNUSED_VARIABLE = YES;
				IPHONEOS_DEPLOYMENT_TARGET = 11.2;
				MTL_ENABLE_DEBUG_INFO = YES;
				ONLY_ACTIVE_ARCH = YES;
				SDKROOT = iphoneos;
				SWIFT_ACTIVE_COMPILATION_CONDITIONS = DEBUG;
				SWIFT_OPTIMIZATION_LEVEL = "-Onone";
			};
			name = Debug;
		};
		E54E714E203039F000D85B27 /* Release */ = {
			isa = XCBuildConfiguration;
			buildSettings = {
				ALWAYS_SEARCH_USER_PATHS = NO;
				CLANG_ANALYZER_NONNULL = YES;
				CLANG_ANALYZER_NUMBER_OBJECT_CONVERSION = YES_AGGRESSIVE;
				CLANG_CXX_LANGUAGE_STANDARD = "gnu++14";
				CLANG_CXX_LIBRARY = "libc++";
				CLANG_ENABLE_MODULES = YES;
				CLANG_ENABLE_OBJC_ARC = YES;
				CLANG_WARN_BLOCK_CAPTURE_AUTORELEASING = YES;
				CLANG_WARN_BOOL_CONVERSION = YES;
				CLANG_WARN_COMMA = YES;
				CLANG_WARN_CONSTANT_CONVERSION = YES;
				CLANG_WARN_DIRECT_OBJC_ISA_USAGE = YES_ERROR;
				CLANG_WARN_DOCUMENTATION_COMMENTS = YES;
				CLANG_WARN_EMPTY_BODY = YES;
				CLANG_WARN_ENUM_CONVERSION = YES;
				CLANG_WARN_INFINITE_RECURSION = YES;
				CLANG_WARN_INT_CONVERSION = YES;
				CLANG_WARN_NON_LITERAL_NULL_CONVERSION = YES;
				CLANG_WARN_OBJC_LITERAL_CONVERSION = YES;
				CLANG_WARN_OBJC_ROOT_CLASS = YES_ERROR;
				CLANG_WARN_RANGE_LOOP_ANALYSIS = YES;
				CLANG_WARN_STRICT_PROTOTYPES = YES;
				CLANG_WARN_SUSPICIOUS_MOVE = YES;
				CLANG_WARN_UNGUARDED_AVAILABILITY = YES_AGGRESSIVE;
				CLANG_WARN_UNREACHABLE_CODE = YES;
				CLANG_WARN__DUPLICATE_METHOD_MATCH = YES;
				CODE_SIGN_IDENTITY = "iPhone Developer";
				COPY_PHASE_STRIP = NO;
				DEBUG_INFORMATION_FORMAT = "dwarf-with-dsym";
				ENABLE_NS_ASSERTIONS = NO;
				ENABLE_STRICT_OBJC_MSGSEND = YES;
				GCC_C_LANGUAGE_STANDARD = gnu11;
				GCC_NO_COMMON_BLOCKS = YES;
				GCC_WARN_64_TO_32_BIT_CONVERSION = YES;
				GCC_WARN_ABOUT_RETURN_TYPE = YES_ERROR;
				GCC_WARN_UNDECLARED_SELECTOR = YES;
				GCC_WARN_UNINITIALIZED_AUTOS = YES_AGGRESSIVE;
				GCC_WARN_UNUSED_FUNCTION = YES;
				GCC_WARN_UNUSED_VARIABLE = YES;
				IPHONEOS_DEPLOYMENT_TARGET = 11.2;
				MTL_ENABLE_DEBUG_INFO = NO;
				SDKROOT = iphoneos;
				SWIFT_OPTIMIZATION_LEVEL = "-Owholemodule";
				VALIDATE_PRODUCT = YES;
			};
			name = Release;
		};
		E54E7150203039F000D85B27 /* Debug */ = {
			isa = XCBuildConfiguration;
			buildSettings = {
				ASSETCATALOG_COMPILER_APPICON_NAME = AppIcon;
				CODE_SIGN_STYLE = Automatic;
				DEVELOPMENT_TEAM = 2YBFQ59LED;
				INFOPLIST_FILE = 11_3D_Touch/Info.plist;
				LD_RUNPATH_SEARCH_PATHS = "$(inherited) @executable_path/Frameworks";
				PRODUCT_BUNDLE_IDENTIFIER = "com.duliuqing.-1-3D-Touch";
				PRODUCT_NAME = "$(TARGET_NAME)";
				SWIFT_VERSION = 4.0;
				TARGETED_DEVICE_FAMILY = "1,2";
			};
			name = Debug;
		};
		E54E7151203039F000D85B27 /* Release */ = {
			isa = XCBuildConfiguration;
			buildSettings = {
				ASSETCATALOG_COMPILER_APPICON_NAME = AppIcon;
				CODE_SIGN_STYLE = Automatic;
				DEVELOPMENT_TEAM = 2YBFQ59LED;
				INFOPLIST_FILE = 11_3D_Touch/Info.plist;
				LD_RUNPATH_SEARCH_PATHS = "$(inherited) @executable_path/Frameworks";
				PRODUCT_BUNDLE_IDENTIFIER = "com.duliuqing.-1-3D-Touch";
				PRODUCT_NAME = "$(TARGET_NAME)";
				SWIFT_VERSION = 4.0;
				TARGETED_DEVICE_FAMILY = "1,2";
			};
			name = Release;
		};
/* End XCBuildConfiguration section */

/* Begin XCConfigurationList section */
		E54E7138203039F000D85B27 /* Build configuration list for PBXProject "11_3D_Touch" */ = {
			isa = XCConfigurationList;
			buildConfigurations = (
				E54E714D203039F000D85B27 /* Debug */,
				E54E714E203039F000D85B27 /* Release */,
			);
			defaultConfigurationIsVisible = 0;
			defaultConfigurationName = Release;
		};
		E54E714F203039F000D85B27 /* Build configuration list for PBXNativeTarget "11_3D_Touch" */ = {
			isa = XCConfigurationList;
			buildConfigurations = (
				E54E7150203039F000D85B27 /* Debug */,
				E54E7151203039F000D85B27 /* Release */,
			);
			defaultConfigurationIsVisible = 0;
			defaultConfigurationName = Release;
		};
/* End XCConfigurationList section */
	};
	rootObject = E54E7135203039F000D85B27 /* Project object */;
}
